PODS:
  - RxCocoa (5.1.0):
    - RxRelay (~> 5)
    - RxSwift (~> 5)
  - RxRelay (5.1.0):
    - RxSwift (~> 5)
  - RxSwift (5.1.0)
  - SkyFloatingLabelTextField (3.8.0)

DEPENDENCIES:
  - RxCocoa
  - RxSwift
  - SkyFloatingLabelTextField (~> 3.0)

SPEC REPOS:
  trunk:
    - RxCocoa
    - RxRelay
    - RxSwift
    - SkyFloatingLabelTextField

SPEC CHECKSUMS:
  RxCocoa: 13d2a4d7546a34b8ececae8c281e4ea1dbb94f2b
  RxRelay: a168bd6caf712d00c676ac344e9295afc93b418e
  RxSwift: ad5874f24bb0dbffd1e9bb8443604e3578796c7a
  SkyFloatingLabelTextField: 5a338412114808e961fe2d14ea2c5452c8b6e4aa

PODFILE CHECKSUM: 9899d9d62b3f6500456dc591c3c378d56d5a1d07

COCOAPODS: 1.8.4
