// !$*UTF8*$!
{
	archiveVersion = 1;
	classes = {
	};
	objectVersion = 51;
	objects = {

/* Begin PBXBuildFile section */
		A81FB3F72566BDAA00919B9E /* NLPViewController.swift in Sources */ = {isa = PBXBuildFile; fileRef = A81FB3F62566BDAA00919B9E /* NLPViewController.swift */; };
		A84ABA1B2597812000358042 /* CreateReview.storyboard in Resources */ = {isa = PBXBuildFile; fileRef = A84ABA152597812000358042 /* CreateReview.storyboard */; };
		A84ABA1C2597812000358042 /* CreateReviewInterfaces.swift in Sources */ = {isa = PBXBuildFile; fileRef = A84ABA162597812000358042 /* CreateReviewInterfaces.swift */; };
		A84ABA1D2597812000358042 /* CreateReviewPresenter.swift in Sources */ = {isa = PBXBuildFile; fileRef = A84ABA172597812000358042 /* CreateReviewPresenter.swift */; };
		A84ABA1E2597812000358042 /* CreateReviewViewController.swift in Sources */ = {isa = PBXBuildFile; fileRef = A84ABA182597812000358042 /* CreateReviewViewController.swift */; };
		A84ABA1F2597812000358042 /* CreateReviewInteractor.swift in Sources */ = {isa = PBXBuildFile; fileRef = A84ABA192597812000358042 /* CreateReviewInteractor.swift */; };
		A84ABA202597812000358042 /* CreateReviewWireframe.swift in Sources */ = {isa = PBXBuildFile; fileRef = A84ABA1A2597812000358042 /* CreateReviewWireframe.swift */; };
		A84ABA2925978BC400358042 /* Constants.swift in Sources */ = {isa = PBXBuildFile; fileRef = A84ABA2825978BC400358042 /* Constants.swift */; };
		A84ABA3925978C5B00358042 /* SearchMovies.storyboard in Resources */ = {isa = PBXBuildFile; fileRef = A84ABA3325978C5B00358042 /* SearchMovies.storyboard */; };
		A84ABA3A25978C5B00358042 /* SearchMoviesInterfaces.swift in Sources */ = {isa = PBXBuildFile; fileRef = A84ABA3425978C5B00358042 /* SearchMoviesInterfaces.swift */; };
		A84ABA3B25978C5B00358042 /* SearchMoviesPresenter.swift in Sources */ = {isa = PBXBuildFile; fileRef = A84ABA3525978C5B00358042 /* SearchMoviesPresenter.swift */; };
		A84ABA3C25978C5B00358042 /* SearchMoviesViewController.swift in Sources */ = {isa = PBXBuildFile; fileRef = A84ABA3625978C5B00358042 /* SearchMoviesViewController.swift */; };
		A84ABA3D25978C5B00358042 /* SearchMoviesInteractor.swift in Sources */ = {isa = PBXBuildFile; fileRef = A84ABA3725978C5B00358042 /* SearchMoviesInteractor.swift */; };
		A84ABA3E25978C5B00358042 /* SearchMoviesWireframe.swift in Sources */ = {isa = PBXBuildFile; fileRef = A84ABA3825978C5B00358042 /* SearchMoviesWireframe.swift */; };
		A84ABA4125978E7600358042 /* SearchResponse.swift in Sources */ = {isa = PBXBuildFile; fileRef = A84ABA4025978E7600358042 /* SearchResponse.swift */; };
		A84ABA4525979D3B00358042 /* SearchResultCellItem.swift in Sources */ = {isa = PBXBuildFile; fileRef = A84ABA4425979D3B00358042 /* SearchResultCellItem.swift */; };
		A84ABA4925979D5700358042 /* SearchResultTableViewCell.swift in Sources */ = {isa = PBXBuildFile; fileRef = A84ABA4725979D5700358042 /* SearchResultTableViewCell.swift */; };
		A84ABA4A25979D5700358042 /* SearchResultTableViewCell.xib in Resources */ = {isa = PBXBuildFile; fileRef = A84ABA4825979D5700358042 /* SearchResultTableViewCell.xib */; };
		A84ABA5F259883D400358042 /* SentimentClassifier.xcdatamodeld in Sources */ = {isa = PBXBuildFile; fileRef = A84ABA5D259883D400358042 /* SentimentClassifier.xcdatamodeld */; };
		A84ABA86259884D800358042 /* PersistanceManager.swift in Sources */ = {isa = PBXBuildFile; fileRef = A84ABA85259884D800358042 /* PersistanceManager.swift */; };
		A84ABA8A2598877C00358042 /* Review+CoreDataClass.swift in Sources */ = {isa = PBXBuildFile; fileRef = A84ABA882598877C00358042 /* Review+CoreDataClass.swift */; };
		A84ABA8B2598877C00358042 /* Review+CoreDataProperties.swift in Sources */ = {isa = PBXBuildFile; fileRef = A84ABA892598877C00358042 /* Review+CoreDataProperties.swift */; };
		A898C1F625989C3B0082403A /* UIViewExtensions.swift in Sources */ = {isa = PBXBuildFile; fileRef = A898C1F525989C3B0082403A /* UIViewExtensions.swift */; };
		A898C2002598B3010082403A /* FilterReviews.storyboard in Resources */ = {isa = PBXBuildFile; fileRef = A898C1FA2598B3010082403A /* FilterReviews.storyboard */; };
		A898C2012598B3010082403A /* FilterReviewsInterfaces.swift in Sources */ = {isa = PBXBuildFile; fileRef = A898C1FB2598B3010082403A /* FilterReviewsInterfaces.swift */; };
		A898C2022598B3010082403A /* FilterReviewsPresenter.swift in Sources */ = {isa = PBXBuildFile; fileRef = A898C1FC2598B3010082403A /* FilterReviewsPresenter.swift */; };
		A898C2032598B3010082403A /* FilterReviewsViewController.swift in Sources */ = {isa = PBXBuildFile; fileRef = A898C1FD2598B3010082403A /* FilterReviewsViewController.swift */; };
		A898C2042598B3010082403A /* FilterReviewsInteractor.swift in Sources */ = {isa = PBXBuildFile; fileRef = A898C1FE2598B3010082403A /* FilterReviewsInteractor.swift */; };
		A898C2052598B3010082403A /* FilterReviewsWireframe.swift in Sources */ = {isa = PBXBuildFile; fileRef = A898C1FF2598B3010082403A /* FilterReviewsWireframe.swift */; };
		A898C2132598B6D80082403A /* FilterCellItem.swift in Sources */ = {isa = PBXBuildFile; fileRef = A898C2122598B6D80082403A /* FilterCellItem.swift */; };
		A898C2172598B6E60082403A /* FilterTableViewCell.swift in Sources */ = {isa = PBXBuildFile; fileRef = A898C2152598B6E60082403A /* FilterTableViewCell.swift */; };
		A898C2182598B6E60082403A /* FilterTableViewCell.xib in Resources */ = {isa = PBXBuildFile; fileRef = A898C2162598B6E60082403A /* FilterTableViewCell.xib */; };
		A898C2212598E4170082403A /* Settings.storyboard in Resources */ = {isa = PBXBuildFile; fileRef = A898C21B2598E4160082403A /* Settings.storyboard */; };
		A898C2222598E4170082403A /* SettingsInterfaces.swift in Sources */ = {isa = PBXBuildFile; fileRef = A898C21C2598E4160082403A /* SettingsInterfaces.swift */; };
		A898C2232598E4170082403A /* SettingsPresenter.swift in Sources */ = {isa = PBXBuildFile; fileRef = A898C21D2598E4160082403A /* SettingsPresenter.swift */; };
		A898C2242598E4170082403A /* SettingsViewController.swift in Sources */ = {isa = PBXBuildFile; fileRef = A898C21E2598E4160082403A /* SettingsViewController.swift */; };
		A898C2252598E4170082403A /* SettingsInteractor.swift in Sources */ = {isa = PBXBuildFile; fileRef = A898C21F2598E4160082403A /* SettingsInteractor.swift */; };
		A898C2262598E4170082403A /* SettingsWireframe.swift in Sources */ = {isa = PBXBuildFile; fileRef = A898C2202598E4160082403A /* SettingsWireframe.swift */; };
		A898C22C2598E8960082403A /* ImageSelectionTableViewCell.swift in Sources */ = {isa = PBXBuildFile; fileRef = A898C22A2598E8960082403A /* ImageSelectionTableViewCell.swift */; };
		A898C22D2598E8960082403A /* ImageSelectionTableViewCell.xib in Resources */ = {isa = PBXBuildFile; fileRef = A898C22B2598E8960082403A /* ImageSelectionTableViewCell.xib */; };
		A898C2312598E8A60082403A /* ImageSelectionCellItem.swift in Sources */ = {isa = PBXBuildFile; fileRef = A898C2302598E8A60082403A /* ImageSelectionCellItem.swift */; };
		A898C2362598ECDC0082403A /* ImageSelectionView.swift in Sources */ = {isa = PBXBuildFile; fileRef = A898C2352598ECDC0082403A /* ImageSelectionView.swift */; };
		A898C23A2598ECEA0082403A /* ImageSelectionView.xib in Resources */ = {isa = PBXBuildFile; fileRef = A898C2392598ECEA0082403A /* ImageSelectionView.xib */; };
		A898C23D2598EE260082403A /* BundleExtensions.swift in Sources */ = {isa = PBXBuildFile; fileRef = A898C23C2598EE260082403A /* BundleExtensions.swift */; };
		A898C2412598FC520082403A /* LanguageSelectionCellItem.swift in Sources */ = {isa = PBXBuildFile; fileRef = A898C2402598FC520082403A /* LanguageSelectionCellItem.swift */; };
		A898C2452598FC640082403A /* LanguageSelectionTableViewCell.swift in Sources */ = {isa = PBXBuildFile; fileRef = A898C2432598FC640082403A /* LanguageSelectionTableViewCell.swift */; };
		A898C2462598FC640082403A /* LanguageSelectionTableViewCell.xib in Resources */ = {isa = PBXBuildFile; fileRef = A898C2442598FC640082403A /* LanguageSelectionTableViewCell.xib */; };
		A898C2492599E2580082403A /* TabBarProperty.swift in Sources */ = {isa = PBXBuildFile; fileRef = A898C2482599E2570082403A /* TabBarProperty.swift */; };
		A898C24D2599FBC30082403A /* TitleTableSection.swift in Sources */ = {isa = PBXBuildFile; fileRef = A898C24C2599FBC30082403A /* TitleTableSection.swift */; };
		A8C1DC16256694BA0052438B /* UIImageExtensions.swift in Sources */ = {isa = PBXBuildFile; fileRef = A8C1DC15256694BA0052438B /* UIImageExtensions.swift */; };
		A8C1DC1A2566B95C0052438B /* UIStoryboardExtensions.swift in Sources */ = {isa = PBXBuildFile; fileRef = A8C1DC192566B95C0052438B /* UIStoryboardExtensions.swift */; };
		A8D1889A258B57A2008670B6 /* SentimentClassifierMac.mlmodel in Sources */ = {isa = PBXBuildFile; fileRef = A8D18899258B57A2008670B6 /* SentimentClassifierMac.mlmodel */; };
		A8D188A3258B5954008670B6 /* Classifier.storyboard in Resources */ = {isa = PBXBuildFile; fileRef = A8D1889D258B5954008670B6 /* Classifier.storyboard */; };
		A8D188A4258B5954008670B6 /* ClassifierInterfaces.swift in Sources */ = {isa = PBXBuildFile; fileRef = A8D1889E258B5954008670B6 /* ClassifierInterfaces.swift */; };
		A8D188A5258B5954008670B6 /* ClassifierPresenter.swift in Sources */ = {isa = PBXBuildFile; fileRef = A8D1889F258B5954008670B6 /* ClassifierPresenter.swift */; };
		A8D188A6258B5954008670B6 /* ClassifierViewController.swift in Sources */ = {isa = PBXBuildFile; fileRef = A8D188A0258B5954008670B6 /* ClassifierViewController.swift */; };
		A8D188A7258B5954008670B6 /* ClassifierInteractor.swift in Sources */ = {isa = PBXBuildFile; fileRef = A8D188A1258B5954008670B6 /* ClassifierInteractor.swift */; };
		A8D188A8258B5954008670B6 /* ClassifierWireframe.swift in Sources */ = {isa = PBXBuildFile; fileRef = A8D188A2258B5954008670B6 /* ClassifierWireframe.swift */; };
		A8D188AB258B5F28008670B6 /* ClassifierModel.swift in Sources */ = {isa = PBXBuildFile; fileRef = A8D188AA258B5F28008670B6 /* ClassifierModel.swift */; };
		A8D188AE258B5F82008670B6 /* ClassifierResultScale.swift in Sources */ = {isa = PBXBuildFile; fileRef = A8D188AD258B5F82008670B6 /* ClassifierResultScale.swift */; };
		A8D50F7B25659272009B2E50 /* AppDelegate.swift in Sources */ = {isa = PBXBuildFile; fileRef = A8D50F7A25659272009B2E50 /* AppDelegate.swift */; };
		A8D50F7D25659272009B2E50 /* SceneDelegate.swift in Sources */ = {isa = PBXBuildFile; fileRef = A8D50F7C25659272009B2E50 /* SceneDelegate.swift */; };
		A8D50F8425659275009B2E50 /* Assets.xcassets in Resources */ = {isa = PBXBuildFile; fileRef = A8D50F8325659275009B2E50 /* Assets.xcassets */; };
		A8D50F8725659275009B2E50 /* LaunchScreen.storyboard in Resources */ = {isa = PBXBuildFile; fileRef = A8D50F8525659275009B2E50 /* LaunchScreen.storyboard */; };
		A8D50F9C256593FC009B2E50 /* UIStoryboardExtension.swift in Sources */ = {isa = PBXBuildFile; fileRef = A8D50F96256593FC009B2E50 /* UIStoryboardExtension.swift */; };
		A8D50F9D256593FC009B2E50 /* BaseWireframe.swift in Sources */ = {isa = PBXBuildFile; fileRef = A8D50F97256593FC009B2E50 /* BaseWireframe.swift */; };
		A8D50F9E256593FC009B2E50 /* InteractorInterface.swift in Sources */ = {isa = PBXBuildFile; fileRef = A8D50F98256593FC009B2E50 /* InteractorInterface.swift */; };
		A8D50FA0256593FC009B2E50 /* PresenterInterface.swift in Sources */ = {isa = PBXBuildFile; fileRef = A8D50F9A256593FC009B2E50 /* PresenterInterface.swift */; };
		A8D50FA1256593FC009B2E50 /* ViewInterface.swift in Sources */ = {isa = PBXBuildFile; fileRef = A8D50F9B256593FC009B2E50 /* ViewInterface.swift */; };
		A8D50FB925659484009B2E50 /* Home.storyboard in Resources */ = {isa = PBXBuildFile; fileRef = A8D50FB325659484009B2E50 /* Home.storyboard */; };
		A8D50FBA25659484009B2E50 /* HomeInterfaces.swift in Sources */ = {isa = PBXBuildFile; fileRef = A8D50FB425659484009B2E50 /* HomeInterfaces.swift */; };
		A8D50FBB25659484009B2E50 /* HomePresenter.swift in Sources */ = {isa = PBXBuildFile; fileRef = A8D50FB525659484009B2E50 /* HomePresenter.swift */; };
		A8D50FBC25659484009B2E50 /* HomeViewController.swift in Sources */ = {isa = PBXBuildFile; fileRef = A8D50FB625659484009B2E50 /* HomeViewController.swift */; };
		A8D50FBD25659484009B2E50 /* HomeInteractor.swift in Sources */ = {isa = PBXBuildFile; fileRef = A8D50FB725659484009B2E50 /* HomeInteractor.swift */; };
		A8D50FBE25659484009B2E50 /* HomeWireframe.swift in Sources */ = {isa = PBXBuildFile; fileRef = A8D50FB825659484009B2E50 /* HomeWireframe.swift */; };
		A8D50FCB25668F01009B2E50 /* Languages.storyboard in Resources */ = {isa = PBXBuildFile; fileRef = A8D50FC525668F01009B2E50 /* Languages.storyboard */; };
		A8D50FCC25668F01009B2E50 /* LanguagesInterfaces.swift in Sources */ = {isa = PBXBuildFile; fileRef = A8D50FC625668F01009B2E50 /* LanguagesInterfaces.swift */; };
		A8D50FCD25668F01009B2E50 /* LanguagesPresenter.swift in Sources */ = {isa = PBXBuildFile; fileRef = A8D50FC725668F01009B2E50 /* LanguagesPresenter.swift */; };
		A8D50FCE25668F01009B2E50 /* LanguagesViewController.swift in Sources */ = {isa = PBXBuildFile; fileRef = A8D50FC825668F01009B2E50 /* LanguagesViewController.swift */; };
		A8D50FCF25668F01009B2E50 /* LanguagesInteractor.swift in Sources */ = {isa = PBXBuildFile; fileRef = A8D50FC925668F01009B2E50 /* LanguagesInteractor.swift */; };
		A8D50FD025668F01009B2E50 /* LanguagesWireframe.swift in Sources */ = {isa = PBXBuildFile; fileRef = A8D50FCA25668F01009B2E50 /* LanguagesWireframe.swift */; };
		A8F2CF6225973E4B00040ABF /* Profile.storyboard in Resources */ = {isa = PBXBuildFile; fileRef = A8F2CF5C25973E4B00040ABF /* Profile.storyboard */; };
		A8F2CF6325973E4B00040ABF /* ProfileInterfaces.swift in Sources */ = {isa = PBXBuildFile; fileRef = A8F2CF5D25973E4B00040ABF /* ProfileInterfaces.swift */; };
		A8F2CF6425973E4B00040ABF /* ProfilePresenter.swift in Sources */ = {isa = PBXBuildFile; fileRef = A8F2CF5E25973E4B00040ABF /* ProfilePresenter.swift */; };
		A8F2CF6525973E4B00040ABF /* ProfileViewController.swift in Sources */ = {isa = PBXBuildFile; fileRef = A8F2CF5F25973E4B00040ABF /* ProfileViewController.swift */; };
		A8F2CF6625973E4B00040ABF /* ProfileInteractor.swift in Sources */ = {isa = PBXBuildFile; fileRef = A8F2CF6025973E4B00040ABF /* ProfileInteractor.swift */; };
		A8F2CF6725973E4B00040ABF /* ProfileWireframe.swift in Sources */ = {isa = PBXBuildFile; fileRef = A8F2CF6125973E4B00040ABF /* ProfileWireframe.swift */; };
		A8F2CF6B2597487500040ABF /* Strings.swift in Sources */ = {isa = PBXBuildFile; fileRef = A8F2CF6A2597487500040ABF /* Strings.swift */; };
		A8F2CF6F2597502B00040ABF /* ReviewTableCellItem.swift in Sources */ = {isa = PBXBuildFile; fileRef = A8F2CF6E2597502B00040ABF /* ReviewTableCellItem.swift */; };
		A8F2CF732597504200040ABF /* ReviewTableViewCell.swift in Sources */ = {isa = PBXBuildFile; fileRef = A8F2CF712597504200040ABF /* ReviewTableViewCell.swift */; };
		A8F2CF742597504200040ABF /* ReviewTableViewCell.xib in Resources */ = {isa = PBXBuildFile; fileRef = A8F2CF722597504200040ABF /* ReviewTableViewCell.xib */; };
		A8F2CF782597510100040ABF /* CellItem.swift in Sources */ = {isa = PBXBuildFile; fileRef = A8F2CF772597510100040ABF /* CellItem.swift */; };
		A8F2CF7C2597511C00040ABF /* SectionItem.swift in Sources */ = {isa = PBXBuildFile; fileRef = A8F2CF7B2597511C00040ABF /* SectionItem.swift */; };
		A8F2CF7F2597513300040ABF /* Rx+DataSourceDelegate.swift in Sources */ = {isa = PBXBuildFile; fileRef = A8F2CF7E2597513300040ABF /* Rx+DataSourceDelegate.swift */; };
		A8F2CF822597515700040ABF /* BlankTableSection.swift in Sources */ = {isa = PBXBuildFile; fileRef = A8F2CF812597515700040ABF /* BlankTableSection.swift */; };
		A8F2CF852597517200040ABF /* TableCellItem.swift in Sources */ = {isa = PBXBuildFile; fileRef = A8F2CF842597517200040ABF /* TableCellItem.swift */; };
		A8F2CF882597518C00040ABF /* TableDataSourceDelegate.swift in Sources */ = {isa = PBXBuildFile; fileRef = A8F2CF872597518C00040ABF /* TableDataSourceDelegate.swift */; };
		A8F2CF8B259751A300040ABF /* TableSectionItem.swift in Sources */ = {isa = PBXBuildFile; fileRef = A8F2CF8A259751A300040ABF /* TableSectionItem.swift */; };
		A8F2CF8E259751C500040ABF /* Reloader.swift in Sources */ = {isa = PBXBuildFile; fileRef = A8F2CF8D259751C500040ABF /* Reloader.swift */; };
		A8F2CF91259753E900040ABF /* UITableViewExtensions.swift in Sources */ = {isa = PBXBuildFile; fileRef = A8F2CF90259753E900040ABF /* UITableViewExtensions.swift */; };
		A8F2CFA1259763E800040ABF /* ChoosePhoto.storyboard in Resources */ = {isa = PBXBuildFile; fileRef = A8F2CF9B259763E800040ABF /* ChoosePhoto.storyboard */; };
		A8F2CFA2259763E800040ABF /* ChoosePhotoInterfaces.swift in Sources */ = {isa = PBXBuildFile; fileRef = A8F2CF9C259763E800040ABF /* ChoosePhotoInterfaces.swift */; };
		A8F2CFA3259763E800040ABF /* ChoosePhotoPresenter.swift in Sources */ = {isa = PBXBuildFile; fileRef = A8F2CF9D259763E800040ABF /* ChoosePhotoPresenter.swift */; };
		A8F2CFA4259763E800040ABF /* ChoosePhotoViewController.swift in Sources */ = {isa = PBXBuildFile; fileRef = A8F2CF9E259763E800040ABF /* ChoosePhotoViewController.swift */; };
		A8F2CFA5259763E800040ABF /* ChoosePhotoInteractor.swift in Sources */ = {isa = PBXBuildFile; fileRef = A8F2CF9F259763E800040ABF /* ChoosePhotoInteractor.swift */; };
		A8F2CFA6259763E800040ABF /* ChoosePhotoWireframe.swift in Sources */ = {isa = PBXBuildFile; fileRef = A8F2CFA0259763E800040ABF /* ChoosePhotoWireframe.swift */; };
		A8F2CFAA259764F300040ABF /* PhotoCellItem.swift in Sources */ = {isa = PBXBuildFile; fileRef = A8F2CFA9259764F300040ABF /* PhotoCellItem.swift */; };
		A8F2CFAE2597650500040ABF /* PhotoTableViewCell.swift in Sources */ = {isa = PBXBuildFile; fileRef = A8F2CFAC2597650500040ABF /* PhotoTableViewCell.swift */; };
		A8F2CFAF2597650500040ABF /* PhotoTableViewCell.xib in Resources */ = {isa = PBXBuildFile; fileRef = A8F2CFAD2597650500040ABF /* PhotoTableViewCell.xib */; };
		A8F2CFB225976AAF00040ABF /* ProfilePhoto.swift in Sources */ = {isa = PBXBuildFile; fileRef = A8F2CFB125976AAF00040ABF /* ProfilePhoto.swift */; };
		A8F2CFB725976F3600040ABF /* UserStoreManager.swift in Sources */ = {isa = PBXBuildFile; fileRef = A8F2CFB625976F3600040ABF /* UserStoreManager.swift */; };
		E074FAA9EE8CE1B4CC8D15EA /* Pods_SentimentClassifier.framework in Frameworks */ = {isa = PBXBuildFile; fileRef = F65A7EFFE965E41BBC2CB9F8 /* Pods_SentimentClassifier.framework */; };
/* End PBXBuildFile section */

/* Begin PBXFileReference section */
		205D0E886FDAC4496083519B /* Pods-SentimentClassifier.release.xcconfig */ = {isa = PBXFileReference; includeInIndex = 1; lastKnownFileType = text.xcconfig; name = "Pods-SentimentClassifier.release.xcconfig"; path = "Target Support Files/Pods-SentimentClassifier/Pods-SentimentClassifier.release.xcconfig"; sourceTree = "<group>"; };
		6FB5546806FF6709B60E97BB /* Pods-nlp.release.xcconfig */ = {isa = PBXFileReference; includeInIndex = 1; lastKnownFileType = text.xcconfig; name = "Pods-nlp.release.xcconfig"; path = "Target Support Files/Pods-nlp/Pods-nlp.release.xcconfig"; sourceTree = "<group>"; };
		A7D4C26C7E1B7C1AB43B8CA6 /* Pods-nlp.debug.xcconfig */ = {isa = PBXFileReference; includeInIndex = 1; lastKnownFileType = text.xcconfig; name = "Pods-nlp.debug.xcconfig"; path = "Target Support Files/Pods-nlp/Pods-nlp.debug.xcconfig"; sourceTree = "<group>"; };
		A81FB3F62566BDAA00919B9E /* NLPViewController.swift */ = {isa = PBXFileReference; lastKnownFileType = sourcecode.swift; path = NLPViewController.swift; sourceTree = "<group>"; };
		A84ABA152597812000358042 /* CreateReview.storyboard */ = {isa = PBXFileReference; lastKnownFileType = file.storyboard; path = CreateReview.storyboard; sourceTree = "<group>"; };
		A84ABA162597812000358042 /* CreateReviewInterfaces.swift */ = {isa = PBXFileReference; lastKnownFileType = sourcecode.swift; path = CreateReviewInterfaces.swift; sourceTree = "<group>"; };
		A84ABA172597812000358042 /* CreateReviewPresenter.swift */ = {isa = PBXFileReference; lastKnownFileType = sourcecode.swift; path = CreateReviewPresenter.swift; sourceTree = "<group>"; };
		A84ABA182597812000358042 /* CreateReviewViewController.swift */ = {isa = PBXFileReference; lastKnownFileType = sourcecode.swift; path = CreateReviewViewController.swift; sourceTree = "<group>"; };
		A84ABA192597812000358042 /* CreateReviewInteractor.swift */ = {isa = PBXFileReference; lastKnownFileType = sourcecode.swift; path = CreateReviewInteractor.swift; sourceTree = "<group>"; };
		A84ABA1A2597812000358042 /* CreateReviewWireframe.swift */ = {isa = PBXFileReference; lastKnownFileType = sourcecode.swift; path = CreateReviewWireframe.swift; sourceTree = "<group>"; };
		A84ABA2825978BC400358042 /* Constants.swift */ = {isa = PBXFileReference; lastKnownFileType = sourcecode.swift; path = Constants.swift; sourceTree = "<group>"; };
		A84ABA3325978C5B00358042 /* SearchMovies.storyboard */ = {isa = PBXFileReference; lastKnownFileType = file.storyboard; path = SearchMovies.storyboard; sourceTree = "<group>"; };
		A84ABA3425978C5B00358042 /* SearchMoviesInterfaces.swift */ = {isa = PBXFileReference; lastKnownFileType = sourcecode.swift; path = SearchMoviesInterfaces.swift; sourceTree = "<group>"; };
		A84ABA3525978C5B00358042 /* SearchMoviesPresenter.swift */ = {isa = PBXFileReference; lastKnownFileType = sourcecode.swift; path = SearchMoviesPresenter.swift; sourceTree = "<group>"; };
		A84ABA3625978C5B00358042 /* SearchMoviesViewController.swift */ = {isa = PBXFileReference; lastKnownFileType = sourcecode.swift; path = SearchMoviesViewController.swift; sourceTree = "<group>"; };
		A84ABA3725978C5B00358042 /* SearchMoviesInteractor.swift */ = {isa = PBXFileReference; lastKnownFileType = sourcecode.swift; path = SearchMoviesInteractor.swift; sourceTree = "<group>"; };
		A84ABA3825978C5B00358042 /* SearchMoviesWireframe.swift */ = {isa = PBXFileReference; lastKnownFileType = sourcecode.swift; path = SearchMoviesWireframe.swift; sourceTree = "<group>"; };
		A84ABA4025978E7600358042 /* SearchResponse.swift */ = {isa = PBXFileReference; lastKnownFileType = sourcecode.swift; path = SearchResponse.swift; sourceTree = "<group>"; };
		A84ABA4425979D3B00358042 /* SearchResultCellItem.swift */ = {isa = PBXFileReference; lastKnownFileType = sourcecode.swift; path = SearchResultCellItem.swift; sourceTree = "<group>"; };
		A84ABA4725979D5700358042 /* SearchResultTableViewCell.swift */ = {isa = PBXFileReference; lastKnownFileType = sourcecode.swift; path = SearchResultTableViewCell.swift; sourceTree = "<group>"; };
		A84ABA4825979D5700358042 /* SearchResultTableViewCell.xib */ = {isa = PBXFileReference; lastKnownFileType = file.xib; path = SearchResultTableViewCell.xib; sourceTree = "<group>"; };
		A84ABA5E259883D400358042 /* SentimentClassifier.xcdatamodel */ = {isa = PBXFileReference; lastKnownFileType = wrapper.xcdatamodel; path = SentimentClassifier.xcdatamodel; sourceTree = "<group>"; };
		A84ABA85259884D800358042 /* PersistanceManager.swift */ = {isa = PBXFileReference; lastKnownFileType = sourcecode.swift; path = PersistanceManager.swift; sourceTree = "<group>"; };
		A84ABA882598877C00358042 /* Review+CoreDataClass.swift */ = {isa = PBXFileReference; fileEncoding = 4; lastKnownFileType = sourcecode.swift; path = "Review+CoreDataClass.swift"; sourceTree = "<group>"; };
		A84ABA892598877C00358042 /* Review+CoreDataProperties.swift */ = {isa = PBXFileReference; fileEncoding = 4; lastKnownFileType = sourcecode.swift; path = "Review+CoreDataProperties.swift"; sourceTree = "<group>"; };
		A898C1F525989C3B0082403A /* UIViewExtensions.swift */ = {isa = PBXFileReference; lastKnownFileType = sourcecode.swift; path = UIViewExtensions.swift; sourceTree = "<group>"; };
		A898C1FA2598B3010082403A /* FilterReviews.storyboard */ = {isa = PBXFileReference; lastKnownFileType = file.storyboard; path = FilterReviews.storyboard; sourceTree = "<group>"; };
		A898C1FB2598B3010082403A /* FilterReviewsInterfaces.swift */ = {isa = PBXFileReference; lastKnownFileType = sourcecode.swift; path = FilterReviewsInterfaces.swift; sourceTree = "<group>"; };
		A898C1FC2598B3010082403A /* FilterReviewsPresenter.swift */ = {isa = PBXFileReference; lastKnownFileType = sourcecode.swift; path = FilterReviewsPresenter.swift; sourceTree = "<group>"; };
		A898C1FD2598B3010082403A /* FilterReviewsViewController.swift */ = {isa = PBXFileReference; lastKnownFileType = sourcecode.swift; path = FilterReviewsViewController.swift; sourceTree = "<group>"; };
		A898C1FE2598B3010082403A /* FilterReviewsInteractor.swift */ = {isa = PBXFileReference; lastKnownFileType = sourcecode.swift; path = FilterReviewsInteractor.swift; sourceTree = "<group>"; };
		A898C1FF2598B3010082403A /* FilterReviewsWireframe.swift */ = {isa = PBXFileReference; lastKnownFileType = sourcecode.swift; path = FilterReviewsWireframe.swift; sourceTree = "<group>"; };
		A898C2122598B6D80082403A /* FilterCellItem.swift */ = {isa = PBXFileReference; lastKnownFileType = sourcecode.swift; path = FilterCellItem.swift; sourceTree = "<group>"; };
		A898C2152598B6E60082403A /* FilterTableViewCell.swift */ = {isa = PBXFileReference; lastKnownFileType = sourcecode.swift; path = FilterTableViewCell.swift; sourceTree = "<group>"; };
		A898C2162598B6E60082403A /* FilterTableViewCell.xib */ = {isa = PBXFileReference; lastKnownFileType = file.xib; path = FilterTableViewCell.xib; sourceTree = "<group>"; };
		A898C21B2598E4160082403A /* Settings.storyboard */ = {isa = PBXFileReference; lastKnownFileType = file.storyboard; path = Settings.storyboard; sourceTree = "<group>"; };
		A898C21C2598E4160082403A /* SettingsInterfaces.swift */ = {isa = PBXFileReference; lastKnownFileType = sourcecode.swift; path = SettingsInterfaces.swift; sourceTree = "<group>"; };
		A898C21D2598E4160082403A /* SettingsPresenter.swift */ = {isa = PBXFileReference; lastKnownFileType = sourcecode.swift; path = SettingsPresenter.swift; sourceTree = "<group>"; };
		A898C21E2598E4160082403A /* SettingsViewController.swift */ = {isa = PBXFileReference; lastKnownFileType = sourcecode.swift; path = SettingsViewController.swift; sourceTree = "<group>"; };
		A898C21F2598E4160082403A /* SettingsInteractor.swift */ = {isa = PBXFileReference; lastKnownFileType = sourcecode.swift; path = SettingsInteractor.swift; sourceTree = "<group>"; };
		A898C2202598E4160082403A /* SettingsWireframe.swift */ = {isa = PBXFileReference; lastKnownFileType = sourcecode.swift; path = SettingsWireframe.swift; sourceTree = "<group>"; };
		A898C22A2598E8960082403A /* ImageSelectionTableViewCell.swift */ = {isa = PBXFileReference; lastKnownFileType = sourcecode.swift; path = ImageSelectionTableViewCell.swift; sourceTree = "<group>"; };
		A898C22B2598E8960082403A /* ImageSelectionTableViewCell.xib */ = {isa = PBXFileReference; lastKnownFileType = file.xib; path = ImageSelectionTableViewCell.xib; sourceTree = "<group>"; };
		A898C2302598E8A60082403A /* ImageSelectionCellItem.swift */ = {isa = PBXFileReference; lastKnownFileType = sourcecode.swift; path = ImageSelectionCellItem.swift; sourceTree = "<group>"; };
		A898C2352598ECDC0082403A /* ImageSelectionView.swift */ = {isa = PBXFileReference; lastKnownFileType = sourcecode.swift; path = ImageSelectionView.swift; sourceTree = "<group>"; };
		A898C2392598ECEA0082403A /* ImageSelectionView.xib */ = {isa = PBXFileReference; lastKnownFileType = file.xib; path = ImageSelectionView.xib; sourceTree = "<group>"; };
		A898C23C2598EE260082403A /* BundleExtensions.swift */ = {isa = PBXFileReference; lastKnownFileType = sourcecode.swift; path = BundleExtensions.swift; sourceTree = "<group>"; };
		A898C2402598FC520082403A /* LanguageSelectionCellItem.swift */ = {isa = PBXFileReference; lastKnownFileType = sourcecode.swift; path = LanguageSelectionCellItem.swift; sourceTree = "<group>"; };
		A898C2432598FC640082403A /* LanguageSelectionTableViewCell.swift */ = {isa = PBXFileReference; lastKnownFileType = sourcecode.swift; path = LanguageSelectionTableViewCell.swift; sourceTree = "<group>"; };
		A898C2442598FC640082403A /* LanguageSelectionTableViewCell.xib */ = {isa = PBXFileReference; lastKnownFileType = file.xib; path = LanguageSelectionTableViewCell.xib; sourceTree = "<group>"; };
		A898C2482599E2570082403A /* TabBarProperty.swift */ = {isa = PBXFileReference; lastKnownFileType = sourcecode.swift; path = TabBarProperty.swift; sourceTree = "<group>"; };
		A898C24C2599FBC30082403A /* TitleTableSection.swift */ = {isa = PBXFileReference; lastKnownFileType = sourcecode.swift; path = TitleTableSection.swift; sourceTree = "<group>"; };
		A8C1DC15256694BA0052438B /* UIImageExtensions.swift */ = {isa = PBXFileReference; lastKnownFileType = sourcecode.swift; path = UIImageExtensions.swift; sourceTree = "<group>"; };
		A8C1DC192566B95C0052438B /* UIStoryboardExtensions.swift */ = {isa = PBXFileReference; lastKnownFileType = sourcecode.swift; path = UIStoryboardExtensions.swift; sourceTree = "<group>"; };
		A8D18899258B57A2008670B6 /* SentimentClassifierMac.mlmodel */ = {isa = PBXFileReference; lastKnownFileType = file.mlmodel; path = SentimentClassifierMac.mlmodel; sourceTree = "<group>"; };
		A8D1889D258B5954008670B6 /* Classifier.storyboard */ = {isa = PBXFileReference; lastKnownFileType = file.storyboard; path = Classifier.storyboard; sourceTree = "<group>"; };
		A8D1889E258B5954008670B6 /* ClassifierInterfaces.swift */ = {isa = PBXFileReference; lastKnownFileType = sourcecode.swift; path = ClassifierInterfaces.swift; sourceTree = "<group>"; };
		A8D1889F258B5954008670B6 /* ClassifierPresenter.swift */ = {isa = PBXFileReference; lastKnownFileType = sourcecode.swift; path = ClassifierPresenter.swift; sourceTree = "<group>"; };
		A8D188A0258B5954008670B6 /* ClassifierViewController.swift */ = {isa = PBXFileReference; lastKnownFileType = sourcecode.swift; path = ClassifierViewController.swift; sourceTree = "<group>"; };
		A8D188A1258B5954008670B6 /* ClassifierInteractor.swift */ = {isa = PBXFileReference; lastKnownFileType = sourcecode.swift; path = ClassifierInteractor.swift; sourceTree = "<group>"; };
		A8D188A2258B5954008670B6 /* ClassifierWireframe.swift */ = {isa = PBXFileReference; lastKnownFileType = sourcecode.swift; path = ClassifierWireframe.swift; sourceTree = "<group>"; };
		A8D188AA258B5F28008670B6 /* ClassifierModel.swift */ = {isa = PBXFileReference; fileEncoding = 4; lastKnownFileType = sourcecode.swift; path = ClassifierModel.swift; sourceTree = "<group>"; };
		A8D188AD258B5F82008670B6 /* ClassifierResultScale.swift */ = {isa = PBXFileReference; fileEncoding = 4; lastKnownFileType = sourcecode.swift; path = ClassifierResultScale.swift; sourceTree = "<group>"; };
		A8D50F7725659272009B2E50 /* SentimentClassifier.app */ = {isa = PBXFileReference; explicitFileType = wrapper.application; includeInIndex = 0; path = SentimentClassifier.app; sourceTree = BUILT_PRODUCTS_DIR; };
		A8D50F7A25659272009B2E50 /* AppDelegate.swift */ = {isa = PBXFileReference; lastKnownFileType = sourcecode.swift; path = AppDelegate.swift; sourceTree = "<group>"; };
		A8D50F7C25659272009B2E50 /* SceneDelegate.swift */ = {isa = PBXFileReference; lastKnownFileType = sourcecode.swift; path = SceneDelegate.swift; sourceTree = "<group>"; };
		A8D50F8325659275009B2E50 /* Assets.xcassets */ = {isa = PBXFileReference; lastKnownFileType = folder.assetcatalog; path = Assets.xcassets; sourceTree = "<group>"; };
		A8D50F8625659275009B2E50 /* Base */ = {isa = PBXFileReference; lastKnownFileType = file.storyboard; name = Base; path = Base.lproj/LaunchScreen.storyboard; sourceTree = "<group>"; };
		A8D50F8825659275009B2E50 /* Info.plist */ = {isa = PBXFileReference; lastKnownFileType = text.plist.xml; path = Info.plist; sourceTree = "<group>"; };
		A8D50F96256593FC009B2E50 /* UIStoryboardExtension.swift */ = {isa = PBXFileReference; fileEncoding = 4; lastKnownFileType = sourcecode.swift; path = UIStoryboardExtension.swift; sourceTree = "<group>"; };
		A8D50F97256593FC009B2E50 /* BaseWireframe.swift */ = {isa = PBXFileReference; fileEncoding = 4; lastKnownFileType = sourcecode.swift; path = BaseWireframe.swift; sourceTree = "<group>"; };
		A8D50F98256593FC009B2E50 /* InteractorInterface.swift */ = {isa = PBXFileReference; fileEncoding = 4; lastKnownFileType = sourcecode.swift; path = InteractorInterface.swift; sourceTree = "<group>"; };
		A8D50F9A256593FC009B2E50 /* PresenterInterface.swift */ = {isa = PBXFileReference; fileEncoding = 4; lastKnownFileType = sourcecode.swift; path = PresenterInterface.swift; sourceTree = "<group>"; };
		A8D50F9B256593FC009B2E50 /* ViewInterface.swift */ = {isa = PBXFileReference; fileEncoding = 4; lastKnownFileType = sourcecode.swift; path = ViewInterface.swift; sourceTree = "<group>"; };
		A8D50FB325659484009B2E50 /* Home.storyboard */ = {isa = PBXFileReference; lastKnownFileType = file.storyboard; path = Home.storyboard; sourceTree = "<group>"; };
		A8D50FB425659484009B2E50 /* HomeInterfaces.swift */ = {isa = PBXFileReference; lastKnownFileType = sourcecode.swift; path = HomeInterfaces.swift; sourceTree = "<group>"; };
		A8D50FB525659484009B2E50 /* HomePresenter.swift */ = {isa = PBXFileReference; lastKnownFileType = sourcecode.swift; path = HomePresenter.swift; sourceTree = "<group>"; };
		A8D50FB625659484009B2E50 /* HomeViewController.swift */ = {isa = PBXFileReference; lastKnownFileType = sourcecode.swift; path = HomeViewController.swift; sourceTree = "<group>"; };
		A8D50FB725659484009B2E50 /* HomeInteractor.swift */ = {isa = PBXFileReference; lastKnownFileType = sourcecode.swift; path = HomeInteractor.swift; sourceTree = "<group>"; };
		A8D50FB825659484009B2E50 /* HomeWireframe.swift */ = {isa = PBXFileReference; lastKnownFileType = sourcecode.swift; path = HomeWireframe.swift; sourceTree = "<group>"; };
		A8D50FC525668F01009B2E50 /* Languages.storyboard */ = {isa = PBXFileReference; lastKnownFileType = file.storyboard; path = Languages.storyboard; sourceTree = "<group>"; };
		A8D50FC625668F01009B2E50 /* LanguagesInterfaces.swift */ = {isa = PBXFileReference; lastKnownFileType = sourcecode.swift; path = LanguagesInterfaces.swift; sourceTree = "<group>"; };
		A8D50FC725668F01009B2E50 /* LanguagesPresenter.swift */ = {isa = PBXFileReference; lastKnownFileType = sourcecode.swift; path = LanguagesPresenter.swift; sourceTree = "<group>"; };
		A8D50FC825668F01009B2E50 /* LanguagesViewController.swift */ = {isa = PBXFileReference; lastKnownFileType = sourcecode.swift; path = LanguagesViewController.swift; sourceTree = "<group>"; };
		A8D50FC925668F01009B2E50 /* LanguagesInteractor.swift */ = {isa = PBXFileReference; lastKnownFileType = sourcecode.swift; path = LanguagesInteractor.swift; sourceTree = "<group>"; };
		A8D50FCA25668F01009B2E50 /* LanguagesWireframe.swift */ = {isa = PBXFileReference; lastKnownFileType = sourcecode.swift; path = LanguagesWireframe.swift; sourceTree = "<group>"; };
		A8F2CF5C25973E4B00040ABF /* Profile.storyboard */ = {isa = PBXFileReference; lastKnownFileType = file.storyboard; path = Profile.storyboard; sourceTree = "<group>"; };
		A8F2CF5D25973E4B00040ABF /* ProfileInterfaces.swift */ = {isa = PBXFileReference; lastKnownFileType = sourcecode.swift; path = ProfileInterfaces.swift; sourceTree = "<group>"; };
		A8F2CF5E25973E4B00040ABF /* ProfilePresenter.swift */ = {isa = PBXFileReference; lastKnownFileType = sourcecode.swift; path = ProfilePresenter.swift; sourceTree = "<group>"; };
		A8F2CF5F25973E4B00040ABF /* ProfileViewController.swift */ = {isa = PBXFileReference; lastKnownFileType = sourcecode.swift; path = ProfileViewController.swift; sourceTree = "<group>"; };
		A8F2CF6025973E4B00040ABF /* ProfileInteractor.swift */ = {isa = PBXFileReference; lastKnownFileType = sourcecode.swift; path = ProfileInteractor.swift; sourceTree = "<group>"; };
		A8F2CF6125973E4B00040ABF /* ProfileWireframe.swift */ = {isa = PBXFileReference; lastKnownFileType = sourcecode.swift; path = ProfileWireframe.swift; sourceTree = "<group>"; };
		A8F2CF6A2597487500040ABF /* Strings.swift */ = {isa = PBXFileReference; lastKnownFileType = sourcecode.swift; path = Strings.swift; sourceTree = "<group>"; };
		A8F2CF6E2597502B00040ABF /* ReviewTableCellItem.swift */ = {isa = PBXFileReference; lastKnownFileType = sourcecode.swift; path = ReviewTableCellItem.swift; sourceTree = "<group>"; };
		A8F2CF712597504200040ABF /* ReviewTableViewCell.swift */ = {isa = PBXFileReference; lastKnownFileType = sourcecode.swift; path = ReviewTableViewCell.swift; sourceTree = "<group>"; };
		A8F2CF722597504200040ABF /* ReviewTableViewCell.xib */ = {isa = PBXFileReference; lastKnownFileType = file.xib; path = ReviewTableViewCell.xib; sourceTree = "<group>"; };
		A8F2CF772597510100040ABF /* CellItem.swift */ = {isa = PBXFileReference; lastKnownFileType = sourcecode.swift; path = CellItem.swift; sourceTree = "<group>"; };
		A8F2CF7B2597511C00040ABF /* SectionItem.swift */ = {isa = PBXFileReference; lastKnownFileType = sourcecode.swift; path = SectionItem.swift; sourceTree = "<group>"; };
		A8F2CF7E2597513300040ABF /* Rx+DataSourceDelegate.swift */ = {isa = PBXFileReference; lastKnownFileType = sourcecode.swift; path = "Rx+DataSourceDelegate.swift"; sourceTree = "<group>"; };
		A8F2CF812597515700040ABF /* BlankTableSection.swift */ = {isa = PBXFileReference; lastKnownFileType = sourcecode.swift; path = BlankTableSection.swift; sourceTree = "<group>"; };
		A8F2CF842597517200040ABF /* TableCellItem.swift */ = {isa = PBXFileReference; lastKnownFileType = sourcecode.swift; path = TableCellItem.swift; sourceTree = "<group>"; };
		A8F2CF872597518C00040ABF /* TableDataSourceDelegate.swift */ = {isa = PBXFileReference; lastKnownFileType = sourcecode.swift; path = TableDataSourceDelegate.swift; sourceTree = "<group>"; };
		A8F2CF8A259751A300040ABF /* TableSectionItem.swift */ = {isa = PBXFileReference; lastKnownFileType = sourcecode.swift; path = TableSectionItem.swift; sourceTree = "<group>"; };
		A8F2CF8D259751C500040ABF /* Reloader.swift */ = {isa = PBXFileReference; lastKnownFileType = sourcecode.swift; path = Reloader.swift; sourceTree = "<group>"; };
		A8F2CF90259753E900040ABF /* UITableViewExtensions.swift */ = {isa = PBXFileReference; lastKnownFileType = sourcecode.swift; path = UITableViewExtensions.swift; sourceTree = "<group>"; };
		A8F2CF9B259763E800040ABF /* ChoosePhoto.storyboard */ = {isa = PBXFileReference; lastKnownFileType = file.storyboard; path = ChoosePhoto.storyboard; sourceTree = "<group>"; };
		A8F2CF9C259763E800040ABF /* ChoosePhotoInterfaces.swift */ = {isa = PBXFileReference; lastKnownFileType = sourcecode.swift; path = ChoosePhotoInterfaces.swift; sourceTree = "<group>"; };
		A8F2CF9D259763E800040ABF /* ChoosePhotoPresenter.swift */ = {isa = PBXFileReference; lastKnownFileType = sourcecode.swift; path = ChoosePhotoPresenter.swift; sourceTree = "<group>"; };
		A8F2CF9E259763E800040ABF /* ChoosePhotoViewController.swift */ = {isa = PBXFileReference; lastKnownFileType = sourcecode.swift; path = ChoosePhotoViewController.swift; sourceTree = "<group>"; };
		A8F2CF9F259763E800040ABF /* ChoosePhotoInteractor.swift */ = {isa = PBXFileReference; lastKnownFileType = sourcecode.swift; path = ChoosePhotoInteractor.swift; sourceTree = "<group>"; };
		A8F2CFA0259763E800040ABF /* ChoosePhotoWireframe.swift */ = {isa = PBXFileReference; lastKnownFileType = sourcecode.swift; path = ChoosePhotoWireframe.swift; sourceTree = "<group>"; };
		A8F2CFA9259764F300040ABF /* PhotoCellItem.swift */ = {isa = PBXFileReference; lastKnownFileType = sourcecode.swift; path = PhotoCellItem.swift; sourceTree = "<group>"; };
		A8F2CFAC2597650500040ABF /* PhotoTableViewCell.swift */ = {isa = PBXFileReference; lastKnownFileType = sourcecode.swift; path = PhotoTableViewCell.swift; sourceTree = "<group>"; };
		A8F2CFAD2597650500040ABF /* PhotoTableViewCell.xib */ = {isa = PBXFileReference; lastKnownFileType = file.xib; path = PhotoTableViewCell.xib; sourceTree = "<group>"; };
		A8F2CFB125976AAF00040ABF /* ProfilePhoto.swift */ = {isa = PBXFileReference; lastKnownFileType = sourcecode.swift; path = ProfilePhoto.swift; sourceTree = "<group>"; };
		A8F2CFB625976F3600040ABF /* UserStoreManager.swift */ = {isa = PBXFileReference; lastKnownFileType = sourcecode.swift; path = UserStoreManager.swift; sourceTree = "<group>"; };
		EEAA52DE30A97BFB053C1F9E /* Pods-SentimentClassifier.debug.xcconfig */ = {isa = PBXFileReference; includeInIndex = 1; lastKnownFileType = text.xcconfig; name = "Pods-SentimentClassifier.debug.xcconfig"; path = "Target Support Files/Pods-SentimentClassifier/Pods-SentimentClassifier.debug.xcconfig"; sourceTree = "<group>"; };
		F65A7EFFE965E41BBC2CB9F8 /* Pods_SentimentClassifier.framework */ = {isa = PBXFileReference; explicitFileType = wrapper.framework; includeInIndex = 0; path = Pods_SentimentClassifier.framework; sourceTree = BUILT_PRODUCTS_DIR; };
/* End PBXFileReference section */

/* Begin PBXFrameworksBuildPhase section */
		A8D50F7425659272009B2E50 /* Frameworks */ = {
			isa = PBXFrameworksBuildPhase;
			buildActionMask = 2147483647;
			files = (
				E074FAA9EE8CE1B4CC8D15EA /* Pods_SentimentClassifier.framework in Frameworks */,
			);
			runOnlyForDeploymentPostprocessing = 0;
		};
/* End PBXFrameworksBuildPhase section */

/* Begin PBXGroup section */
		0274C147160CF7489F96B4CD /* Pods */ = {
			isa = PBXGroup;
			children = (
				A7D4C26C7E1B7C1AB43B8CA6 /* Pods-nlp.debug.xcconfig */,
				6FB5546806FF6709B60E97BB /* Pods-nlp.release.xcconfig */,
				EEAA52DE30A97BFB053C1F9E /* Pods-SentimentClassifier.debug.xcconfig */,
				205D0E886FDAC4496083519B /* Pods-SentimentClassifier.release.xcconfig */,
			);
			path = Pods;
			sourceTree = "<group>";
		};
		111FF7ABD80E76496C3AED31 /* Frameworks */ = {
			isa = PBXGroup;
			children = (
				F65A7EFFE965E41BBC2CB9F8 /* Pods_SentimentClassifier.framework */,
			);
			name = Frameworks;
			sourceTree = "<group>";
		};
		A81FB3F52566BD9000919B9E /* Supporting Files */ = {
			isa = PBXGroup;
			children = (
				A81FB3F62566BDAA00919B9E /* NLPViewController.swift */,
				A84ABA2825978BC400358042 /* Constants.swift */,
				A898C2482599E2570082403A /* TabBarProperty.swift */,
			);
			path = "Supporting Files";
			sourceTree = "<group>";
		};
		A84ABA142597811100358042 /* CreateReview */ = {
			isa = PBXGroup;
			children = (
				A84ABA152597812000358042 /* CreateReview.storyboard */,
				A84ABA162597812000358042 /* CreateReviewInterfaces.swift */,
				A84ABA172597812000358042 /* CreateReviewPresenter.swift */,
				A84ABA182597812000358042 /* CreateReviewViewController.swift */,
				A84ABA192597812000358042 /* CreateReviewInteractor.swift */,
				A84ABA1A2597812000358042 /* CreateReviewWireframe.swift */,
			);
			path = CreateReview;
			sourceTree = "<group>";
		};
		A84ABA3225978C4500358042 /* SearchMovies */ = {
			isa = PBXGroup;
			children = (
				A84ABA4325979D2B00358042 /* SearchResultCell */,
				A84ABA3325978C5B00358042 /* SearchMovies.storyboard */,
				A84ABA3425978C5B00358042 /* SearchMoviesInterfaces.swift */,
				A84ABA3525978C5B00358042 /* SearchMoviesPresenter.swift */,
				A84ABA3625978C5B00358042 /* SearchMoviesViewController.swift */,
				A84ABA3725978C5B00358042 /* SearchMoviesInteractor.swift */,
				A84ABA3825978C5B00358042 /* SearchMoviesWireframe.swift */,
			);
			path = SearchMovies;
			sourceTree = "<group>";
		};
		A84ABA4325979D2B00358042 /* SearchResultCell */ = {
			isa = PBXGroup;
			children = (
				A84ABA4425979D3B00358042 /* SearchResultCellItem.swift */,
				A84ABA4725979D5700358042 /* SearchResultTableViewCell.swift */,
				A84ABA4825979D5700358042 /* SearchResultTableViewCell.xib */,
			);
			path = SearchResultCell;
			sourceTree = "<group>";
		};
		A84ABA8E259887B600358042 /* CoreData */ = {
			isa = PBXGroup;
			children = (
				A84ABA8F259887B600358042 /* Models */,
			);
			path = CoreData;
			sourceTree = "<group>";
		};
		A84ABA8F259887B600358042 /* Models */ = {
			isa = PBXGroup;
			children = (
				A84ABA882598877C00358042 /* Review+CoreDataClass.swift */,
				A84ABA892598877C00358042 /* Review+CoreDataProperties.swift */,
			);
			path = Models;
			sourceTree = "<group>";
		};
		A898C1F92598B2EE0082403A /* Filter */ = {
			isa = PBXGroup;
			children = (
				A898C2112598B6C60082403A /* FilterCellItem */,
				A898C1FA2598B3010082403A /* FilterReviews.storyboard */,
				A898C1FB2598B3010082403A /* FilterReviewsInterfaces.swift */,
				A898C1FC2598B3010082403A /* FilterReviewsPresenter.swift */,
				A898C1FD2598B3010082403A /* FilterReviewsViewController.swift */,
				A898C1FE2598B3010082403A /* FilterReviewsInteractor.swift */,
				A898C1FF2598B3010082403A /* FilterReviewsWireframe.swift */,
			);
			path = Filter;
			sourceTree = "<group>";
		};
		A898C2112598B6C60082403A /* FilterCellItem */ = {
			isa = PBXGroup;
			children = (
				A898C2122598B6D80082403A /* FilterCellItem.swift */,
				A898C2152598B6E60082403A /* FilterTableViewCell.swift */,
				A898C2162598B6E60082403A /* FilterTableViewCell.xib */,
			);
			path = FilterCellItem;
			sourceTree = "<group>";
		};
		A898C21A2598E4090082403A /* Settings */ = {
			isa = PBXGroup;
			children = (
				A898C23F2598FC3F0082403A /* LanguageSelectionCell */,
				A898C2292598E8790082403A /* ImageSelectionCell */,
				A898C21B2598E4160082403A /* Settings.storyboard */,
				A898C21C2598E4160082403A /* SettingsInterfaces.swift */,
				A898C21D2598E4160082403A /* SettingsPresenter.swift */,
				A898C21E2598E4160082403A /* SettingsViewController.swift */,
				A898C21F2598E4160082403A /* SettingsInteractor.swift */,
				A898C2202598E4160082403A /* SettingsWireframe.swift */,
			);
			path = Settings;
			sourceTree = "<group>";
		};
		A898C2292598E8790082403A /* ImageSelectionCell */ = {
			isa = PBXGroup;
			children = (
				A898C2342598ECBF0082403A /* ImageView */,
				A898C2302598E8A60082403A /* ImageSelectionCellItem.swift */,
				A898C22A2598E8960082403A /* ImageSelectionTableViewCell.swift */,
				A898C22B2598E8960082403A /* ImageSelectionTableViewCell.xib */,
			);
			path = ImageSelectionCell;
			sourceTree = "<group>";
		};
		A898C2342598ECBF0082403A /* ImageView */ = {
			isa = PBXGroup;
			children = (
				A898C2352598ECDC0082403A /* ImageSelectionView.swift */,
				A898C2392598ECEA0082403A /* ImageSelectionView.xib */,
			);
			path = ImageView;
			sourceTree = "<group>";
		};
		A898C23F2598FC3F0082403A /* LanguageSelectionCell */ = {
			isa = PBXGroup;
			children = (
				A898C2402598FC520082403A /* LanguageSelectionCellItem.swift */,
				A898C2432598FC640082403A /* LanguageSelectionTableViewCell.swift */,
				A898C2442598FC640082403A /* LanguageSelectionTableViewCell.xib */,
			);
			path = LanguageSelectionCell;
			sourceTree = "<group>";
		};
		A8C1DC102566941B0052438B /* Util */ = {
			isa = PBXGroup;
			children = (
				A84ABA8E259887B600358042 /* CoreData */,
				A8F2CFB525976F2B00040ABF /* Managers */,
				A8F2CF932597556A00040ABF /* Networking */,
				A8F2CF76259750ED00040ABF /* DataSourceDelegate */,
				A8F2CF692597486400040ABF /* Translations */,
				A8D18898258B577C008670B6 /* Classifier */,
				A81FB3F52566BD9000919B9E /* Supporting Files */,
				A8C1DC11256694200052438B /* Extensions */,
			);
			path = Util;
			sourceTree = "<group>";
		};
		A8C1DC11256694200052438B /* Extensions */ = {
			isa = PBXGroup;
			children = (
				A8C1DC15256694BA0052438B /* UIImageExtensions.swift */,
				A8C1DC192566B95C0052438B /* UIStoryboardExtensions.swift */,
				A8F2CF90259753E900040ABF /* UITableViewExtensions.swift */,
				A898C1F525989C3B0082403A /* UIViewExtensions.swift */,
				A898C23C2598EE260082403A /* BundleExtensions.swift */,
			);
			path = Extensions;
			sourceTree = "<group>";
		};
		A8D18898258B577C008670B6 /* Classifier */ = {
			isa = PBXGroup;
			children = (
				A8D188AA258B5F28008670B6 /* ClassifierModel.swift */,
				A8D188AD258B5F82008670B6 /* ClassifierResultScale.swift */,
				A8D18899258B57A2008670B6 /* SentimentClassifierMac.mlmodel */,
			);
			path = Classifier;
			sourceTree = "<group>";
		};
		A8D1889C258B593D008670B6 /* Classifier */ = {
			isa = PBXGroup;
			children = (
				A8D1889D258B5954008670B6 /* Classifier.storyboard */,
				A8D1889E258B5954008670B6 /* ClassifierInterfaces.swift */,
				A8D1889F258B5954008670B6 /* ClassifierPresenter.swift */,
				A8D188A0258B5954008670B6 /* ClassifierViewController.swift */,
				A8D188A1258B5954008670B6 /* ClassifierInteractor.swift */,
				A8D188A2258B5954008670B6 /* ClassifierWireframe.swift */,
			);
			path = Classifier;
			sourceTree = "<group>";
		};
		A8D50F6E25659272009B2E50 = {
			isa = PBXGroup;
			children = (
				A8D50F7925659272009B2E50 /* SentimentClassifier */,
				A8D50F7825659272009B2E50 /* Products */,
				0274C147160CF7489F96B4CD /* Pods */,
				111FF7ABD80E76496C3AED31 /* Frameworks */,
			);
			sourceTree = "<group>";
		};
		A8D50F7825659272009B2E50 /* Products */ = {
			isa = PBXGroup;
			children = (
				A8D50F7725659272009B2E50 /* SentimentClassifier.app */,
			);
			name = Products;
			sourceTree = "<group>";
		};
		A8D50F7925659272009B2E50 /* SentimentClassifier */ = {
			isa = PBXGroup;
			children = (
				A8FF0A41256D70E4006AFBB1 /* Resources */,
				A8C1DC102566941B0052438B /* Util */,
				A8D50FC225668E70009B2E50 /* Modules */,
				A8D50F95256593E4009B2E50 /* Base VIPER */,
				A8D50F7A25659272009B2E50 /* AppDelegate.swift */,
				A8D50F7C25659272009B2E50 /* SceneDelegate.swift */,
				A8D50F8325659275009B2E50 /* Assets.xcassets */,
				A8D50F8525659275009B2E50 /* LaunchScreen.storyboard */,
				A8D50F8825659275009B2E50 /* Info.plist */,
				A84ABA5D259883D400358042 /* SentimentClassifier.xcdatamodeld */,
			);
			path = SentimentClassifier;
			sourceTree = "<group>";
		};
		A8D50F95256593E4009B2E50 /* Base VIPER */ = {
			isa = PBXGroup;
			children = (
				A8D50F97256593FC009B2E50 /* BaseWireframe.swift */,
				A8D50F98256593FC009B2E50 /* InteractorInterface.swift */,
				A8D50F9A256593FC009B2E50 /* PresenterInterface.swift */,
				A8D50F96256593FC009B2E50 /* UIStoryboardExtension.swift */,
				A8D50F9B256593FC009B2E50 /* ViewInterface.swift */,
			);
			path = "Base VIPER";
			sourceTree = "<group>";
		};
		A8D50FB225659476009B2E50 /* Home */ = {
			isa = PBXGroup;
			children = (
				A8D50FB325659484009B2E50 /* Home.storyboard */,
				A8D50FB425659484009B2E50 /* HomeInterfaces.swift */,
				A8D50FB525659484009B2E50 /* HomePresenter.swift */,
				A8D50FB625659484009B2E50 /* HomeViewController.swift */,
				A8D50FB725659484009B2E50 /* HomeInteractor.swift */,
				A8D50FB825659484009B2E50 /* HomeWireframe.swift */,
			);
			path = Home;
			sourceTree = "<group>";
		};
		A8D50FC225668E70009B2E50 /* Modules */ = {
			isa = PBXGroup;
			children = (
				A898C21A2598E4090082403A /* Settings */,
				A898C1F92598B2EE0082403A /* Filter */,
				A84ABA3225978C4500358042 /* SearchMovies */,
				A84ABA142597811100358042 /* CreateReview */,
				A8F2CF9A259763CD00040ABF /* ChoosePhoto */,
				A8F2CF5B25973E3500040ABF /* Profile */,
				A8D1889C258B593D008670B6 /* Classifier */,
				A8D50FC425668EE9009B2E50 /* Languages */,
				A8D50FB225659476009B2E50 /* Home */,
			);
			path = Modules;
			sourceTree = "<group>";
		};
		A8D50FC425668EE9009B2E50 /* Languages */ = {
			isa = PBXGroup;
			children = (
				A8D50FC525668F01009B2E50 /* Languages.storyboard */,
				A8D50FC625668F01009B2E50 /* LanguagesInterfaces.swift */,
				A8D50FC725668F01009B2E50 /* LanguagesPresenter.swift */,
				A8D50FC825668F01009B2E50 /* LanguagesViewController.swift */,
				A8D50FC925668F01009B2E50 /* LanguagesInteractor.swift */,
				A8D50FCA25668F01009B2E50 /* LanguagesWireframe.swift */,
			);
			path = Languages;
			sourceTree = "<group>";
		};
		A8F2CF5B25973E3500040ABF /* Profile */ = {
			isa = PBXGroup;
			children = (
				A8F2CF6D2597501900040ABF /* ReviewCell */,
				A8F2CF5C25973E4B00040ABF /* Profile.storyboard */,
				A8F2CF5D25973E4B00040ABF /* ProfileInterfaces.swift */,
				A8F2CF5E25973E4B00040ABF /* ProfilePresenter.swift */,
				A8F2CF5F25973E4B00040ABF /* ProfileViewController.swift */,
				A8F2CF6025973E4B00040ABF /* ProfileInteractor.swift */,
				A8F2CF6125973E4B00040ABF /* ProfileWireframe.swift */,
			);
			path = Profile;
			sourceTree = "<group>";
		};
		A8F2CF692597486400040ABF /* Translations */ = {
			isa = PBXGroup;
			children = (
				A8F2CF6A2597487500040ABF /* Strings.swift */,
			);
			path = Translations;
			sourceTree = "<group>";
		};
		A8F2CF6D2597501900040ABF /* ReviewCell */ = {
			isa = PBXGroup;
			children = (
				A8F2CF6E2597502B00040ABF /* ReviewTableCellItem.swift */,
				A8F2CF712597504200040ABF /* ReviewTableViewCell.swift */,
				A8F2CF722597504200040ABF /* ReviewTableViewCell.xib */,
			);
			path = ReviewCell;
			sourceTree = "<group>";
		};
		A8F2CF76259750ED00040ABF /* DataSourceDelegate */ = {
			isa = PBXGroup;
			children = (
				A8F2CF772597510100040ABF /* CellItem.swift */,
				A8F2CF7B2597511C00040ABF /* SectionItem.swift */,
				A8F2CF7E2597513300040ABF /* Rx+DataSourceDelegate.swift */,
				A8F2CF812597515700040ABF /* BlankTableSection.swift */,
				A8F2CF842597517200040ABF /* TableCellItem.swift */,
				A8F2CF872597518C00040ABF /* TableDataSourceDelegate.swift */,
				A8F2CF8A259751A300040ABF /* TableSectionItem.swift */,
				A8F2CF8D259751C500040ABF /* Reloader.swift */,
				A898C24C2599FBC30082403A /* TitleTableSection.swift */,
			);
			path = DataSourceDelegate;
			sourceTree = "<group>";
		};
		A8F2CF932597556A00040ABF /* Networking */ = {
			isa = PBXGroup;
			children = (
				A8F2CF942597557000040ABF /* Models */,
			);
			path = Networking;
			sourceTree = "<group>";
		};
		A8F2CF942597557000040ABF /* Models */ = {
			isa = PBXGroup;
			children = (
				A84ABA4025978E7600358042 /* SearchResponse.swift */,
			);
			path = Models;
			sourceTree = "<group>";
		};
		A8F2CF9A259763CD00040ABF /* ChoosePhoto */ = {
			isa = PBXGroup;
			children = (
				A8F2CFA8259764E000040ABF /* PhotoCellItem */,
				A8F2CF9B259763E800040ABF /* ChoosePhoto.storyboard */,
				A8F2CF9C259763E800040ABF /* ChoosePhotoInterfaces.swift */,
				A8F2CF9D259763E800040ABF /* ChoosePhotoPresenter.swift */,
				A8F2CF9E259763E800040ABF /* ChoosePhotoViewController.swift */,
				A8F2CF9F259763E800040ABF /* ChoosePhotoInteractor.swift */,
				A8F2CFA0259763E800040ABF /* ChoosePhotoWireframe.swift */,
				A8F2CFB125976AAF00040ABF /* ProfilePhoto.swift */,
			);
			path = ChoosePhoto;
			sourceTree = "<group>";
		};
		A8F2CFA8259764E000040ABF /* PhotoCellItem */ = {
			isa = PBXGroup;
			children = (
				A8F2CFA9259764F300040ABF /* PhotoCellItem.swift */,
				A8F2CFAC2597650500040ABF /* PhotoTableViewCell.swift */,
				A8F2CFAD2597650500040ABF /* PhotoTableViewCell.xib */,
			);
			path = PhotoCellItem;
			sourceTree = "<group>";
		};
		A8F2CFB525976F2B00040ABF /* Managers */ = {
			isa = PBXGroup;
			children = (
				A8F2CFB625976F3600040ABF /* UserStoreManager.swift */,
				A84ABA85259884D800358042 /* PersistanceManager.swift */,
			);
			path = Managers;
			sourceTree = "<group>";
		};
		A8FF0A41256D70E4006AFBB1 /* Resources */ = {
			isa = PBXGroup;
			children = (
			);
			name = Resources;
			path = Util;
			sourceTree = "<group>";
		};
/* End PBXGroup section */

/* Begin PBXNativeTarget section */
		A8D50F7625659272009B2E50 /* SentimentClassifier */ = {
			isa = PBXNativeTarget;
			buildConfigurationList = A8D50F8B25659275009B2E50 /* Build configuration list for PBXNativeTarget "SentimentClassifier" */;
			buildPhases = (
				607574F84F6EFB86B6C79BB6 /* [CP] Check Pods Manifest.lock */,
				A8D50F7325659272009B2E50 /* Sources */,
				A8D50F7425659272009B2E50 /* Frameworks */,
				A8D50F7525659272009B2E50 /* Resources */,
				CB6DC606C48383BD064545B2 /* [CP] Embed Pods Frameworks */,
			);
			buildRules = (
			);
			dependencies = (
			);
			name = SentimentClassifier;
			productName = nlp;
			productReference = A8D50F7725659272009B2E50 /* SentimentClassifier.app */;
			productType = "com.apple.product-type.application";
		};
/* End PBXNativeTarget section */

/* Begin PBXProject section */
		A8D50F6F25659272009B2E50 /* Project object */ = {
			isa = PBXProject;
			attributes = {
				LastSwiftUpdateCheck = 1220;
				LastUpgradeCheck = 1220;
				TargetAttributes = {
					A8D50F7625659272009B2E50 = {
						CreatedOnToolsVersion = 12.2;
					};
				};
			};
			buildConfigurationList = A8D50F7225659272009B2E50 /* Build configuration list for PBXProject "SentimentClassifier" */;
			compatibilityVersion = "Xcode 9.3";
			developmentRegion = en;
			hasScannedForEncodings = 0;
			knownRegions = (
				en,
				Base,
			);
			mainGroup = A8D50F6E25659272009B2E50;
			productRefGroup = A8D50F7825659272009B2E50 /* Products */;
			projectDirPath = "";
			projectRoot = "";
			targets = (
				A8D50F7625659272009B2E50 /* SentimentClassifier */,
			);
		};
/* End PBXProject section */

/* Begin PBXResourcesBuildPhase section */
		A8D50F7525659272009B2E50 /* Resources */ = {
			isa = PBXResourcesBuildPhase;
			buildActionMask = 2147483647;
			files = (
				A898C2002598B3010082403A /* FilterReviews.storyboard in Resources */,
				A898C2182598B6E60082403A /* FilterTableViewCell.xib in Resources */,
				A8F2CFA1259763E800040ABF /* ChoosePhoto.storyboard in Resources */,
				A8F2CF6225973E4B00040ABF /* Profile.storyboard in Resources */,
				A84ABA1B2597812000358042 /* CreateReview.storyboard in Resources */,
				A8D50F8725659275009B2E50 /* LaunchScreen.storyboard in Resources */,
				A8D50F8425659275009B2E50 /* Assets.xcassets in Resources */,
				A8F2CF742597504200040ABF /* ReviewTableViewCell.xib in Resources */,
				A84ABA4A25979D5700358042 /* SearchResultTableViewCell.xib in Resources */,
				A898C2212598E4170082403A /* Settings.storyboard in Resources */,
				A8D188A3258B5954008670B6 /* Classifier.storyboard in Resources */,
				A8F2CFAF2597650500040ABF /* PhotoTableViewCell.xib in Resources */,
				A898C22D2598E8960082403A /* ImageSelectionTableViewCell.xib in Resources */,
				A84ABA3925978C5B00358042 /* SearchMovies.storyboard in Resources */,
				A8D50FCB25668F01009B2E50 /* Languages.storyboard in Resources */,
				A898C23A2598ECEA0082403A /* ImageSelectionView.xib in Resources */,
				A898C2462598FC640082403A /* LanguageSelectionTableViewCell.xib in Resources */,
				A8D50FB925659484009B2E50 /* Home.storyboard in Resources */,
			);
			runOnlyForDeploymentPostprocessing = 0;
		};
/* End PBXResourcesBuildPhase section */

/* Begin PBXShellScriptBuildPhase section */
		607574F84F6EFB86B6C79BB6 /* [CP] Check Pods Manifest.lock */ = {
			isa = PBXShellScriptBuildPhase;
			buildActionMask = 2147483647;
			files = (
			);
			inputFileListPaths = (
			);
			inputPaths = (
				"${PODS_PODFILE_DIR_PATH}/Podfile.lock",
				"${PODS_ROOT}/Manifest.lock",
			);
			name = "[CP] Check Pods Manifest.lock";
			outputFileListPaths = (
			);
			outputPaths = (
				"$(DERIVED_FILE_DIR)/Pods-SentimentClassifier-checkManifestLockResult.txt",
			);
			runOnlyForDeploymentPostprocessing = 0;
			shellPath = /bin/sh;
			shellScript = "diff \"${PODS_PODFILE_DIR_PATH}/Podfile.lock\" \"${PODS_ROOT}/Manifest.lock\" > /dev/null\nif [ $? != 0 ] ; then\n    # print error to STDERR\n    echo \"error: The sandbox is not in sync with the Podfile.lock. Run 'pod install' or update your CocoaPods installation.\" >&2\n    exit 1\nfi\n# This output is used by Xcode 'outputs' to avoid re-running this script phase.\necho \"SUCCESS\" > \"${SCRIPT_OUTPUT_FILE_0}\"\n";
			showEnvVarsInLog = 0;
		};
		CB6DC606C48383BD064545B2 /* [CP] Embed Pods Frameworks */ = {
			isa = PBXShellScriptBuildPhase;
			buildActionMask = 2147483647;
			files = (
			);
			inputFileListPaths = (
				"${PODS_ROOT}/Target Support Files/Pods-SentimentClassifier/Pods-SentimentClassifier-frameworks-${CONFIGURATION}-input-files.xcfilelist",
			);
			name = "[CP] Embed Pods Frameworks";
			outputFileListPaths = (
				"${PODS_ROOT}/Target Support Files/Pods-SentimentClassifier/Pods-SentimentClassifier-frameworks-${CONFIGURATION}-output-files.xcfilelist",
			);
			runOnlyForDeploymentPostprocessing = 0;
			shellPath = /bin/sh;
			shellScript = "\"${PODS_ROOT}/Target Support Files/Pods-SentimentClassifier/Pods-SentimentClassifier-frameworks.sh\"\n";
			showEnvVarsInLog = 0;
		};
/* End PBXShellScriptBuildPhase section */

/* Begin PBXSourcesBuildPhase section */
		A8D50F7325659272009B2E50 /* Sources */ = {
			isa = PBXSourcesBuildPhase;
			buildActionMask = 2147483647;
			files = (
				A8D1889A258B57A2008670B6 /* SentimentClassifierMac.mlmodel in Sources */,
				A8D188AB258B5F28008670B6 /* ClassifierModel.swift in Sources */,
				A84ABA5F259883D400358042 /* SentimentClassifier.xcdatamodeld in Sources */,
				A84ABA1D2597812000358042 /* CreateReviewPresenter.swift in Sources */,
				A898C2132598B6D80082403A /* FilterCellItem.swift in Sources */,
				A8D50FCD25668F01009B2E50 /* LanguagesPresenter.swift in Sources */,
				A8D50F9E256593FC009B2E50 /* InteractorInterface.swift in Sources */,
				A8C1DC16256694BA0052438B /* UIImageExtensions.swift in Sources */,
				A8F2CFA2259763E800040ABF /* ChoosePhotoInterfaces.swift in Sources */,
				A8D50F9D256593FC009B2E50 /* BaseWireframe.swift in Sources */,
				A8D50FBD25659484009B2E50 /* HomeInteractor.swift in Sources */,
				A84ABA2925978BC400358042 /* Constants.swift in Sources */,
				A898C2452598FC640082403A /* LanguageSelectionTableViewCell.swift in Sources */,
				A898C2492599E2580082403A /* TabBarProperty.swift in Sources */,
				A898C2012598B3010082403A /* FilterReviewsInterfaces.swift in Sources */,
				A898C2252598E4170082403A /* SettingsInteractor.swift in Sources */,
				A8F2CFA5259763E800040ABF /* ChoosePhotoInteractor.swift in Sources */,
				A8F2CFA6259763E800040ABF /* ChoosePhotoWireframe.swift in Sources */,
				A84ABA4125978E7600358042 /* SearchResponse.swift in Sources */,
				A8F2CFA3259763E800040ABF /* ChoosePhotoPresenter.swift in Sources */,
				A8F2CF7F2597513300040ABF /* Rx+DataSourceDelegate.swift in Sources */,
				A898C2172598B6E60082403A /* FilterTableViewCell.swift in Sources */,
				A8C1DC1A2566B95C0052438B /* UIStoryboardExtensions.swift in Sources */,
				A8F2CF7C2597511C00040ABF /* SectionItem.swift in Sources */,
				A8F2CF882597518C00040ABF /* TableDataSourceDelegate.swift in Sources */,
				A898C2042598B3010082403A /* FilterReviewsInteractor.swift in Sources */,
				A898C2242598E4170082403A /* SettingsViewController.swift in Sources */,
				A8F2CF6425973E4B00040ABF /* ProfilePresenter.swift in Sources */,
				A8F2CF852597517200040ABF /* TableCellItem.swift in Sources */,
				A8F2CF8B259751A300040ABF /* TableSectionItem.swift in Sources */,
				A8D50FBE25659484009B2E50 /* HomeWireframe.swift in Sources */,
				A8D188A4258B5954008670B6 /* ClassifierInterfaces.swift in Sources */,
				A898C2032598B3010082403A /* FilterReviewsViewController.swift in Sources */,
				A8F2CF6F2597502B00040ABF /* ReviewTableCellItem.swift in Sources */,
				A8D50FBB25659484009B2E50 /* HomePresenter.swift in Sources */,
				A84ABA8B2598877C00358042 /* Review+CoreDataProperties.swift in Sources */,
				A84ABA1F2597812000358042 /* CreateReviewInteractor.swift in Sources */,
				A8F2CF6B2597487500040ABF /* Strings.swift in Sources */,
				A898C2362598ECDC0082403A /* ImageSelectionView.swift in Sources */,
				A84ABA3A25978C5B00358042 /* SearchMoviesInterfaces.swift in Sources */,
				A8F2CF6525973E4B00040ABF /* ProfileViewController.swift in Sources */,
				A8D188A5258B5954008670B6 /* ClassifierPresenter.swift in Sources */,
				A898C2262598E4170082403A /* SettingsWireframe.swift in Sources */,
				A81FB3F72566BDAA00919B9E /* NLPViewController.swift in Sources */,
				A8F2CFAA259764F300040ABF /* PhotoCellItem.swift in Sources */,
				A8D50FCF25668F01009B2E50 /* LanguagesInteractor.swift in Sources */,
				A898C22C2598E8960082403A /* ImageSelectionTableViewCell.swift in Sources */,
				A898C2222598E4170082403A /* SettingsInterfaces.swift in Sources */,
				A8D188A7258B5954008670B6 /* ClassifierInteractor.swift in Sources */,
				A8D188A6258B5954008670B6 /* ClassifierViewController.swift in Sources */,
				A84ABA1E2597812000358042 /* CreateReviewViewController.swift in Sources */,
				A84ABA86259884D800358042 /* PersistanceManager.swift in Sources */,
				A84ABA3D25978C5B00358042 /* SearchMoviesInteractor.swift in Sources */,
				A898C2022598B3010082403A /* FilterReviewsPresenter.swift in Sources */,
				A84ABA1C2597812000358042 /* CreateReviewInterfaces.swift in Sources */,
				A8F2CF782597510100040ABF /* CellItem.swift in Sources */,
				A898C2052598B3010082403A /* FilterReviewsWireframe.swift in Sources */,
				A898C2312598E8A60082403A /* ImageSelectionCellItem.swift in Sources */,
				A8D50F7B25659272009B2E50 /* AppDelegate.swift in Sources */,
				A8D50FA1256593FC009B2E50 /* ViewInterface.swift in Sources */,
				A898C23D2598EE260082403A /* BundleExtensions.swift in Sources */,
				A898C1F625989C3B0082403A /* UIViewExtensions.swift in Sources */,
				A8F2CFB725976F3600040ABF /* UserStoreManager.swift in Sources */,
				A8D50FD025668F01009B2E50 /* LanguagesWireframe.swift in Sources */,
				A8F2CFAE2597650500040ABF /* PhotoTableViewCell.swift in Sources */,
				A8F2CFB225976AAF00040ABF /* ProfilePhoto.swift in Sources */,
				A8D50FCE25668F01009B2E50 /* LanguagesViewController.swift in Sources */,
				A8F2CF91259753E900040ABF /* UITableViewExtensions.swift in Sources */,
				A8D188A8258B5954008670B6 /* ClassifierWireframe.swift in Sources */,
				A8F2CF732597504200040ABF /* ReviewTableViewCell.swift in Sources */,
				A8D50FA0256593FC009B2E50 /* PresenterInterface.swift in Sources */,
				A898C2412598FC520082403A /* LanguageSelectionCellItem.swift in Sources */,
				A8F2CF6725973E4B00040ABF /* ProfileWireframe.swift in Sources */,
				A8F2CF822597515700040ABF /* BlankTableSection.swift in Sources */,
				A84ABA3E25978C5B00358042 /* SearchMoviesWireframe.swift in Sources */,
				A898C2232598E4170082403A /* SettingsPresenter.swift in Sources */,
				A8F2CF8E259751C500040ABF /* Reloader.swift in Sources */,
				A84ABA4925979D5700358042 /* SearchResultTableViewCell.swift in Sources */,
				A8D188AE258B5F82008670B6 /* ClassifierResultScale.swift in Sources */,
				A8D50FBC25659484009B2E50 /* HomeViewController.swift in Sources */,
				A84ABA3B25978C5B00358042 /* SearchMoviesPresenter.swift in Sources */,
				A84ABA3C25978C5B00358042 /* SearchMoviesViewController.swift in Sources */,
				A84ABA202597812000358042 /* CreateReviewWireframe.swift in Sources */,
				A8D50FBA25659484009B2E50 /* HomeInterfaces.swift in Sources */,
				A8D50F9C256593FC009B2E50 /* UIStoryboardExtension.swift in Sources */,
				A8D50FCC25668F01009B2E50 /* LanguagesInterfaces.swift in Sources */,
				A8F2CF6325973E4B00040ABF /* ProfileInterfaces.swift in Sources */,
				A8F2CF6625973E4B00040ABF /* ProfileInteractor.swift in Sources */,
				A898C24D2599FBC30082403A /* TitleTableSection.swift in Sources */,
				A8F2CFA4259763E800040ABF /* ChoosePhotoViewController.swift in Sources */,
				A84ABA4525979D3B00358042 /* SearchResultCellItem.swift in Sources */,
				A8D50F7D25659272009B2E50 /* SceneDelegate.swift in Sources */,
				A84ABA8A2598877C00358042 /* Review+CoreDataClass.swift in Sources */,
			);
			runOnlyForDeploymentPostprocessing = 0;
		};
/* End PBXSourcesBuildPhase section */

/* Begin PBXVariantGroup section */
		A8D50F8525659275009B2E50 /* LaunchScreen.storyboard */ = {
			isa = PBXVariantGroup;
			children = (
				A8D50F8625659275009B2E50 /* Base */,
			);
			name = LaunchScreen.storyboard;
			sourceTree = "<group>";
		};
/* End PBXVariantGroup section */

/* Begin XCBuildConfiguration section */
		A8D50F8925659275009B2E50 /* Debug */ = {
			isa = XCBuildConfiguration;
			buildSettings = {
				ALWAYS_SEARCH_USER_PATHS = NO;
				CLANG_ANALYZER_NONNULL = YES;
				CLANG_ANALYZER_NUMBER_OBJECT_CONVERSION = YES_AGGRESSIVE;
				CLANG_CXX_LANGUAGE_STANDARD = "gnu++14";
				CLANG_CXX_LIBRARY = "libc++";
				CLANG_ENABLE_MODULES = YES;
				CLANG_ENABLE_OBJC_ARC = YES;
				CLANG_ENABLE_OBJC_WEAK = YES;
				CLANG_WARN_BLOCK_CAPTURE_AUTORELEASING = YES;
				CLANG_WARN_BOOL_CONVERSION = YES;
				CLANG_WARN_COMMA = YES;
				CLANG_WARN_CONSTANT_CONVERSION = YES;
				CLANG_WARN_DEPRECATED_OBJC_IMPLEMENTATIONS = YES;
				CLANG_WARN_DIRECT_OBJC_ISA_USAGE = YES_ERROR;
				CLANG_WARN_DOCUMENTATION_COMMENTS = YES;
				CLANG_WARN_EMPTY_BODY = YES;
				CLANG_WARN_ENUM_CONVERSION = YES;
				CLANG_WARN_INFINITE_RECURSION = YES;
				CLANG_WARN_INT_CONVERSION = YES;
				CLANG_WARN_NON_LITERAL_NULL_CONVERSION = YES;
				CLANG_WARN_OBJC_IMPLICIT_RETAIN_SELF = YES;
				CLANG_WARN_OBJC_LITERAL_CONVERSION = YES;
				CLANG_WARN_OBJC_ROOT_CLASS = YES_ERROR;
				CLANG_WARN_QUOTED_INCLUDE_IN_FRAMEWORK_HEADER = YES;
				CLANG_WARN_RANGE_LOOP_ANALYSIS = YES;
				CLANG_WARN_STRICT_PROTOTYPES = YES;
				CLANG_WARN_SUSPICIOUS_MOVE = YES;
				CLANG_WARN_UNGUARDED_AVAILABILITY = YES_AGGRESSIVE;
				CLANG_WARN_UNREACHABLE_CODE = YES;
				CLANG_WARN__DUPLICATE_METHOD_MATCH = YES;
				COPY_PHASE_STRIP = NO;
				DEBUG_INFORMATION_FORMAT = dwarf;
				ENABLE_STRICT_OBJC_MSGSEND = YES;
				ENABLE_TESTABILITY = YES;
				GCC_C_LANGUAGE_STANDARD = gnu11;
				GCC_DYNAMIC_NO_PIC = NO;
				GCC_NO_COMMON_BLOCKS = YES;
				GCC_OPTIMIZATION_LEVEL = 0;
				GCC_PREPROCESSOR_DEFINITIONS = (
					"DEBUG=1",
					"$(inherited)",
				);
				GCC_WARN_64_TO_32_BIT_CONVERSION = YES;
				GCC_WARN_ABOUT_RETURN_TYPE = YES_ERROR;
				GCC_WARN_UNDECLARED_SELECTOR = YES;
				GCC_WARN_UNINITIALIZED_AUTOS = YES_AGGRESSIVE;
				GCC_WARN_UNUSED_FUNCTION = YES;
				GCC_WARN_UNUSED_VARIABLE = YES;
				IPHONEOS_DEPLOYMENT_TARGET = 14.2;
				MTL_ENABLE_DEBUG_INFO = INCLUDE_SOURCE;
				MTL_FAST_MATH = YES;
				ONLY_ACTIVE_ARCH = YES;
				SDKROOT = iphoneos;
				SWIFT_ACTIVE_COMPILATION_CONDITIONS = DEBUG;
				SWIFT_OPTIMIZATION_LEVEL = "-Onone";
			};
			name = Debug;
		};
		A8D50F8A25659275009B2E50 /* Release */ = {
			isa = XCBuildConfiguration;
			buildSettings = {
				ALWAYS_SEARCH_USER_PATHS = NO;
				CLANG_ANALYZER_NONNULL = YES;
				CLANG_ANALYZER_NUMBER_OBJECT_CONVERSION = YES_AGGRESSIVE;
				CLANG_CXX_LANGUAGE_STANDARD = "gnu++14";
				CLANG_CXX_LIBRARY = "libc++";
				CLANG_ENABLE_MODULES = YES;
				CLANG_ENABLE_OBJC_ARC = YES;
				CLANG_ENABLE_OBJC_WEAK = YES;
				CLANG_WARN_BLOCK_CAPTURE_AUTORELEASING = YES;
				CLANG_WARN_BOOL_CONVERSION = YES;
				CLANG_WARN_COMMA = YES;
				CLANG_WARN_CONSTANT_CONVERSION = YES;
				CLANG_WARN_DEPRECATED_OBJC_IMPLEMENTATIONS = YES;
				CLANG_WARN_DIRECT_OBJC_ISA_USAGE = YES_ERROR;
				CLANG_WARN_DOCUMENTATION_COMMENTS = YES;
				CLANG_WARN_EMPTY_BODY = YES;
				CLANG_WARN_ENUM_CONVERSION = YES;
				CLANG_WARN_INFINITE_RECURSION = YES;
				CLANG_WARN_INT_CONVERSION = YES;
				CLANG_WARN_NON_LITERAL_NULL_CONVERSION = YES;
				CLANG_WARN_OBJC_IMPLICIT_RETAIN_SELF = YES;
				CLANG_WARN_OBJC_LITERAL_CONVERSION = YES;
				CLANG_WARN_OBJC_ROOT_CLASS = YES_ERROR;
				CLANG_WARN_QUOTED_INCLUDE_IN_FRAMEWORK_HEADER = YES;
				CLANG_WARN_RANGE_LOOP_ANALYSIS = YES;
				CLANG_WARN_STRICT_PROTOTYPES = YES;
				CLANG_WARN_SUSPICIOUS_MOVE = YES;
				CLANG_WARN_UNGUARDED_AVAILABILITY = YES_AGGRESSIVE;
				CLANG_WARN_UNREACHABLE_CODE = YES;
				CLANG_WARN__DUPLICATE_METHOD_MATCH = YES;
				COPY_PHASE_STRIP = NO;
				DEBUG_INFORMATION_FORMAT = "dwarf-with-dsym";
				ENABLE_NS_ASSERTIONS = NO;
				ENABLE_STRICT_OBJC_MSGSEND = YES;
				GCC_C_LANGUAGE_STANDARD = gnu11;
				GCC_NO_COMMON_BLOCKS = YES;
				GCC_WARN_64_TO_32_BIT_CONVERSION = YES;
				GCC_WARN_ABOUT_RETURN_TYPE = YES_ERROR;
				GCC_WARN_UNDECLARED_SELECTOR = YES;
				GCC_WARN_UNINITIALIZED_AUTOS = YES_AGGRESSIVE;
				GCC_WARN_UNUSED_FUNCTION = YES;
				GCC_WARN_UNUSED_VARIABLE = YES;
				IPHONEOS_DEPLOYMENT_TARGET = 14.2;
				MTL_ENABLE_DEBUG_INFO = NO;
				MTL_FAST_MATH = YES;
				SDKROOT = iphoneos;
				SWIFT_COMPILATION_MODE = wholemodule;
				SWIFT_OPTIMIZATION_LEVEL = "-O";
				VALIDATE_PRODUCT = YES;
			};
			name = Release;
		};
		A8D50F8C25659275009B2E50 /* Debug */ = {
			isa = XCBuildConfiguration;
			baseConfigurationReference = EEAA52DE30A97BFB053C1F9E /* Pods-SentimentClassifier.debug.xcconfig */;
			buildSettings = {
				ASSETCATALOG_COMPILER_APPICON_NAME = AppIcon;
				ASSETCATALOG_COMPILER_GLOBAL_ACCENT_COLOR_NAME = AccentColor;
				CODE_SIGN_STYLE = Automatic;
				DEVELOPMENT_TEAM = 86UEKV73HK;
				INFOPLIST_FILE = SentimentClassifier/Info.plist;
				LD_RUNPATH_SEARCH_PATHS = (
					"$(inherited)",
					"@executable_path/Frameworks",
				);
				PRODUCT_BUNDLE_IDENTIFIER = fer.imrsic.diplomski.projekt.nlp;
				PRODUCT_NAME = "$(TARGET_NAME)";
				SWIFT_VERSION = 5.0;
				TARGETED_DEVICE_FAMILY = "1,2";
			};
			name = Debug;
		};
		A8D50F8D25659275009B2E50 /* Release */ = {
			isa = XCBuildConfiguration;
			baseConfigurationReference = 205D0E886FDAC4496083519B /* Pods-SentimentClassifier.release.xcconfig */;
			buildSettings = {
				ASSETCATALOG_COMPILER_APPICON_NAME = AppIcon;
				ASSETCATALOG_COMPILER_GLOBAL_ACCENT_COLOR_NAME = AccentColor;
				CODE_SIGN_STYLE = Automatic;
				DEVELOPMENT_TEAM = 86UEKV73HK;
				INFOPLIST_FILE = SentimentClassifier/Info.plist;
				LD_RUNPATH_SEARCH_PATHS = (
					"$(inherited)",
					"@executable_path/Frameworks",
				);
				PRODUCT_BUNDLE_IDENTIFIER = fer.imrsic.diplomski.projekt.nlp;
				PRODUCT_NAME = "$(TARGET_NAME)";
				SWIFT_VERSION = 5.0;
				TARGETED_DEVICE_FAMILY = "1,2";
			};
			name = Release;
		};
/* End XCBuildConfiguration section */

/* Begin XCConfigurationList section */
		A8D50F7225659272009B2E50 /* Build configuration list for PBXProject "SentimentClassifier" */ = {
			isa = XCConfigurationList;
			buildConfigurations = (
				A8D50F8925659275009B2E50 /* Debug */,
				A8D50F8A25659275009B2E50 /* Release */,
			);
			defaultConfigurationIsVisible = 0;
			defaultConfigurationName = Release;
		};
		A8D50F8B25659275009B2E50 /* Build configuration list for PBXNativeTarget "SentimentClassifier" */ = {
			isa = XCConfigurationList;
			buildConfigurations = (
				A8D50F8C25659275009B2E50 /* Debug */,
				A8D50F8D25659275009B2E50 /* Release */,
			);
			defaultConfigurationIsVisible = 0;
			defaultConfigurationName = Release;
		};
/* End XCConfigurationList section */

/* Begin XCVersionGroup section */
		A84ABA5D259883D400358042 /* SentimentClassifier.xcdatamodeld */ = {
			isa = XCVersionGroup;
			children = (
				A84ABA5E259883D400358042 /* SentimentClassifier.xcdatamodel */,
			);
			currentVersion = A84ABA5E259883D400358042 /* SentimentClassifier.xcdatamodel */;
			path = SentimentClassifier.xcdatamodeld;
			sourceTree = "<group>";
			versionGroupType = wrapper.xcdatamodel;
		};
/* End XCVersionGroup section */
	};
	rootObject = A8D50F6F25659272009B2E50 /* Project object */;
}
