// !$*UTF8*$!
{
	archiveVersion = 1;
	classes = {
	};
	objectVersion = 51;
	objects = {

/* Begin PBXBuildFile section */
		8B6B9D8BC07FD4FA1835D793 /* Pods_nlp.framework in Frameworks */ = {isa = PBXBuildFile; fileRef = 56FC309A7BD3E4041F44B03A /* Pods_nlp.framework */; };
		A81FB3F72566BDAA00919B9E /* NLPViewController.swift in Sources */ = {isa = PBXBuildFile; fileRef = A81FB3F62566BDAA00919B9E /* NLPViewController.swift */; };
		A8C1DC16256694BA0052438B /* UIImageExtensions.swift in Sources */ = {isa = PBXBuildFile; fileRef = A8C1DC15256694BA0052438B /* UIImageExtensions.swift */; };
		A8C1DC1A2566B95C0052438B /* UIStoryboardExtensions.swift in Sources */ = {isa = PBXBuildFile; fileRef = A8C1DC192566B95C0052438B /* UIStoryboardExtensions.swift */; };
		A8D50F7B25659272009B2E50 /* AppDelegate.swift in Sources */ = {isa = PBXBuildFile; fileRef = A8D50F7A25659272009B2E50 /* AppDelegate.swift */; };
		A8D50F7D25659272009B2E50 /* SceneDelegate.swift in Sources */ = {isa = PBXBuildFile; fileRef = A8D50F7C25659272009B2E50 /* SceneDelegate.swift */; };
		A8D50F8425659275009B2E50 /* Assets.xcassets in Resources */ = {isa = PBXBuildFile; fileRef = A8D50F8325659275009B2E50 /* Assets.xcassets */; };
		A8D50F8725659275009B2E50 /* LaunchScreen.storyboard in Resources */ = {isa = PBXBuildFile; fileRef = A8D50F8525659275009B2E50 /* LaunchScreen.storyboard */; };
		A8D50F9C256593FC009B2E50 /* UIStoryboardExtension.swift in Sources */ = {isa = PBXBuildFile; fileRef = A8D50F96256593FC009B2E50 /* UIStoryboardExtension.swift */; };
		A8D50F9D256593FC009B2E50 /* BaseWireframe.swift in Sources */ = {isa = PBXBuildFile; fileRef = A8D50F97256593FC009B2E50 /* BaseWireframe.swift */; };
		A8D50F9E256593FC009B2E50 /* InteractorInterface.swift in Sources */ = {isa = PBXBuildFile; fileRef = A8D50F98256593FC009B2E50 /* InteractorInterface.swift */; };
		A8D50FA0256593FC009B2E50 /* PresenterInterface.swift in Sources */ = {isa = PBXBuildFile; fileRef = A8D50F9A256593FC009B2E50 /* PresenterInterface.swift */; };
		A8D50FA1256593FC009B2E50 /* ViewInterface.swift in Sources */ = {isa = PBXBuildFile; fileRef = A8D50F9B256593FC009B2E50 /* ViewInterface.swift */; };
		A8D50FB925659484009B2E50 /* Home.storyboard in Resources */ = {isa = PBXBuildFile; fileRef = A8D50FB325659484009B2E50 /* Home.storyboard */; };
		A8D50FBA25659484009B2E50 /* HomeInterfaces.swift in Sources */ = {isa = PBXBuildFile; fileRef = A8D50FB425659484009B2E50 /* HomeInterfaces.swift */; };
		A8D50FBB25659484009B2E50 /* HomePresenter.swift in Sources */ = {isa = PBXBuildFile; fileRef = A8D50FB525659484009B2E50 /* HomePresenter.swift */; };
		A8D50FBC25659484009B2E50 /* HomeViewController.swift in Sources */ = {isa = PBXBuildFile; fileRef = A8D50FB625659484009B2E50 /* HomeViewController.swift */; };
		A8D50FBD25659484009B2E50 /* HomeInteractor.swift in Sources */ = {isa = PBXBuildFile; fileRef = A8D50FB725659484009B2E50 /* HomeInteractor.swift */; };
		A8D50FBE25659484009B2E50 /* HomeWireframe.swift in Sources */ = {isa = PBXBuildFile; fileRef = A8D50FB825659484009B2E50 /* HomeWireframe.swift */; };
		A8D50FCB25668F01009B2E50 /* Languages.storyboard in Resources */ = {isa = PBXBuildFile; fileRef = A8D50FC525668F01009B2E50 /* Languages.storyboard */; };
		A8D50FCC25668F01009B2E50 /* LanguagesInterfaces.swift in Sources */ = {isa = PBXBuildFile; fileRef = A8D50FC625668F01009B2E50 /* LanguagesInterfaces.swift */; };
		A8D50FCD25668F01009B2E50 /* LanguagesPresenter.swift in Sources */ = {isa = PBXBuildFile; fileRef = A8D50FC725668F01009B2E50 /* LanguagesPresenter.swift */; };
		A8D50FCE25668F01009B2E50 /* LanguagesViewController.swift in Sources */ = {isa = PBXBuildFile; fileRef = A8D50FC825668F01009B2E50 /* LanguagesViewController.swift */; };
		A8D50FCF25668F01009B2E50 /* LanguagesInteractor.swift in Sources */ = {isa = PBXBuildFile; fileRef = A8D50FC925668F01009B2E50 /* LanguagesInteractor.swift */; };
		A8D50FD025668F01009B2E50 /* LanguagesWireframe.swift in Sources */ = {isa = PBXBuildFile; fileRef = A8D50FCA25668F01009B2E50 /* LanguagesWireframe.swift */; };
/* End PBXBuildFile section */

/* Begin PBXFileReference section */
		56FC309A7BD3E4041F44B03A /* Pods_nlp.framework */ = {isa = PBXFileReference; explicitFileType = wrapper.framework; includeInIndex = 0; path = Pods_nlp.framework; sourceTree = BUILT_PRODUCTS_DIR; };
		6FB5546806FF6709B60E97BB /* Pods-nlp.release.xcconfig */ = {isa = PBXFileReference; includeInIndex = 1; lastKnownFileType = text.xcconfig; name = "Pods-nlp.release.xcconfig"; path = "Target Support Files/Pods-nlp/Pods-nlp.release.xcconfig"; sourceTree = "<group>"; };
		A7D4C26C7E1B7C1AB43B8CA6 /* Pods-nlp.debug.xcconfig */ = {isa = PBXFileReference; includeInIndex = 1; lastKnownFileType = text.xcconfig; name = "Pods-nlp.debug.xcconfig"; path = "Target Support Files/Pods-nlp/Pods-nlp.debug.xcconfig"; sourceTree = "<group>"; };
		A81FB3F62566BDAA00919B9E /* NLPViewController.swift */ = {isa = PBXFileReference; lastKnownFileType = sourcecode.swift; path = NLPViewController.swift; sourceTree = "<group>"; };
		A8C1DC15256694BA0052438B /* UIImageExtensions.swift */ = {isa = PBXFileReference; lastKnownFileType = sourcecode.swift; path = UIImageExtensions.swift; sourceTree = "<group>"; };
		A8C1DC192566B95C0052438B /* UIStoryboardExtensions.swift */ = {isa = PBXFileReference; lastKnownFileType = sourcecode.swift; path = UIStoryboardExtensions.swift; sourceTree = "<group>"; };
		A8D50F7725659272009B2E50 /* SentimentClassifier.app */ = {isa = PBXFileReference; explicitFileType = wrapper.application; includeInIndex = 0; path = SentimentClassifier.app; sourceTree = BUILT_PRODUCTS_DIR; };
		A8D50F7A25659272009B2E50 /* AppDelegate.swift */ = {isa = PBXFileReference; lastKnownFileType = sourcecode.swift; path = AppDelegate.swift; sourceTree = "<group>"; };
		A8D50F7C25659272009B2E50 /* SceneDelegate.swift */ = {isa = PBXFileReference; lastKnownFileType = sourcecode.swift; path = SceneDelegate.swift; sourceTree = "<group>"; };
		A8D50F8325659275009B2E50 /* Assets.xcassets */ = {isa = PBXFileReference; lastKnownFileType = folder.assetcatalog; path = Assets.xcassets; sourceTree = "<group>"; };
		A8D50F8625659275009B2E50 /* Base */ = {isa = PBXFileReference; lastKnownFileType = file.storyboard; name = Base; path = Base.lproj/LaunchScreen.storyboard; sourceTree = "<group>"; };
		A8D50F8825659275009B2E50 /* Info.plist */ = {isa = PBXFileReference; lastKnownFileType = text.plist.xml; path = Info.plist; sourceTree = "<group>"; };
		A8D50F96256593FC009B2E50 /* UIStoryboardExtension.swift */ = {isa = PBXFileReference; fileEncoding = 4; lastKnownFileType = sourcecode.swift; path = UIStoryboardExtension.swift; sourceTree = "<group>"; };
		A8D50F97256593FC009B2E50 /* BaseWireframe.swift */ = {isa = PBXFileReference; fileEncoding = 4; lastKnownFileType = sourcecode.swift; path = BaseWireframe.swift; sourceTree = "<group>"; };
		A8D50F98256593FC009B2E50 /* InteractorInterface.swift */ = {isa = PBXFileReference; fileEncoding = 4; lastKnownFileType = sourcecode.swift; path = InteractorInterface.swift; sourceTree = "<group>"; };
		A8D50F9A256593FC009B2E50 /* PresenterInterface.swift */ = {isa = PBXFileReference; fileEncoding = 4; lastKnownFileType = sourcecode.swift; path = PresenterInterface.swift; sourceTree = "<group>"; };
		A8D50F9B256593FC009B2E50 /* ViewInterface.swift */ = {isa = PBXFileReference; fileEncoding = 4; lastKnownFileType = sourcecode.swift; path = ViewInterface.swift; sourceTree = "<group>"; };
		A8D50FB325659484009B2E50 /* Home.storyboard */ = {isa = PBXFileReference; lastKnownFileType = file.storyboard; path = Home.storyboard; sourceTree = "<group>"; };
		A8D50FB425659484009B2E50 /* HomeInterfaces.swift */ = {isa = PBXFileReference; lastKnownFileType = sourcecode.swift; path = HomeInterfaces.swift; sourceTree = "<group>"; };
		A8D50FB525659484009B2E50 /* HomePresenter.swift */ = {isa = PBXFileReference; lastKnownFileType = sourcecode.swift; path = HomePresenter.swift; sourceTree = "<group>"; };
		A8D50FB625659484009B2E50 /* HomeViewController.swift */ = {isa = PBXFileReference; lastKnownFileType = sourcecode.swift; path = HomeViewController.swift; sourceTree = "<group>"; };
		A8D50FB725659484009B2E50 /* HomeInteractor.swift */ = {isa = PBXFileReference; lastKnownFileType = sourcecode.swift; path = HomeInteractor.swift; sourceTree = "<group>"; };
		A8D50FB825659484009B2E50 /* HomeWireframe.swift */ = {isa = PBXFileReference; lastKnownFileType = sourcecode.swift; path = HomeWireframe.swift; sourceTree = "<group>"; };
		A8D50FC525668F01009B2E50 /* Languages.storyboard */ = {isa = PBXFileReference; lastKnownFileType = file.storyboard; path = Languages.storyboard; sourceTree = "<group>"; };
		A8D50FC625668F01009B2E50 /* LanguagesInterfaces.swift */ = {isa = PBXFileReference; lastKnownFileType = sourcecode.swift; path = LanguagesInterfaces.swift; sourceTree = "<group>"; };
		A8D50FC725668F01009B2E50 /* LanguagesPresenter.swift */ = {isa = PBXFileReference; lastKnownFileType = sourcecode.swift; path = LanguagesPresenter.swift; sourceTree = "<group>"; };
		A8D50FC825668F01009B2E50 /* LanguagesViewController.swift */ = {isa = PBXFileReference; lastKnownFileType = sourcecode.swift; path = LanguagesViewController.swift; sourceTree = "<group>"; };
		A8D50FC925668F01009B2E50 /* LanguagesInteractor.swift */ = {isa = PBXFileReference; lastKnownFileType = sourcecode.swift; path = LanguagesInteractor.swift; sourceTree = "<group>"; };
		A8D50FCA25668F01009B2E50 /* LanguagesWireframe.swift */ = {isa = PBXFileReference; lastKnownFileType = sourcecode.swift; path = LanguagesWireframe.swift; sourceTree = "<group>"; };
/* End PBXFileReference section */

/* Begin PBXFrameworksBuildPhase section */
		A8D50F7425659272009B2E50 /* Frameworks */ = {
			isa = PBXFrameworksBuildPhase;
			buildActionMask = 2147483647;
			files = (
				8B6B9D8BC07FD4FA1835D793 /* Pods_nlp.framework in Frameworks */,
			);
			runOnlyForDeploymentPostprocessing = 0;
		};
/* End PBXFrameworksBuildPhase section */

/* Begin PBXGroup section */
		0274C147160CF7489F96B4CD /* Pods */ = {
			isa = PBXGroup;
			children = (
				A7D4C26C7E1B7C1AB43B8CA6 /* Pods-nlp.debug.xcconfig */,
				6FB5546806FF6709B60E97BB /* Pods-nlp.release.xcconfig */,
			);
			path = Pods;
			sourceTree = "<group>";
		};
		111FF7ABD80E76496C3AED31 /* Frameworks */ = {
			isa = PBXGroup;
			children = (
				56FC309A7BD3E4041F44B03A /* Pods_nlp.framework */,
			);
			name = Frameworks;
			sourceTree = "<group>";
		};
		A81FB3F52566BD9000919B9E /* Supporting Files */ = {
			isa = PBXGroup;
			children = (
				A81FB3F62566BDAA00919B9E /* NLPViewController.swift */,
			);
			path = "Supporting Files";
			sourceTree = "<group>";
		};
		A8C1DC102566941B0052438B /* Util */ = {
			isa = PBXGroup;
			children = (
				A81FB3F52566BD9000919B9E /* Supporting Files */,
				A8C1DC11256694200052438B /* Extensions */,
			);
			path = Util;
			sourceTree = "<group>";
		};
		A8C1DC11256694200052438B /* Extensions */ = {
			isa = PBXGroup;
			children = (
				A8C1DC15256694BA0052438B /* UIImageExtensions.swift */,
				A8C1DC192566B95C0052438B /* UIStoryboardExtensions.swift */,
			);
			path = Extensions;
			sourceTree = "<group>";
		};
		A8D50F6E25659272009B2E50 = {
			isa = PBXGroup;
			children = (
				A8D50F7925659272009B2E50 /* SentimentClassifier */,
				A8D50F7825659272009B2E50 /* Products */,
				0274C147160CF7489F96B4CD /* Pods */,
				111FF7ABD80E76496C3AED31 /* Frameworks */,
			);
			sourceTree = "<group>";
		};
		A8D50F7825659272009B2E50 /* Products */ = {
			isa = PBXGroup;
			children = (
				A8D50F7725659272009B2E50 /* SentimentClassifier.app */,
			);
			name = Products;
			sourceTree = "<group>";
		};
		A8D50F7925659272009B2E50 /* SentimentClassifier */ = {
			isa = PBXGroup;
			children = (
				A8FF0A41256D70E4006AFBB1 /* Resources */,
				A8C1DC102566941B0052438B /* Util */,
				A8D50FC225668E70009B2E50 /* Modules */,
				A8D50F95256593E4009B2E50 /* Base VIPER */,
				A8D50F7A25659272009B2E50 /* AppDelegate.swift */,
				A8D50F7C25659272009B2E50 /* SceneDelegate.swift */,
				A8D50F8325659275009B2E50 /* Assets.xcassets */,
				A8D50F8525659275009B2E50 /* LaunchScreen.storyboard */,
				A8D50F8825659275009B2E50 /* Info.plist */,
			);
			path = SentimentClassifier;
			sourceTree = "<group>";
		};
		A8D50F95256593E4009B2E50 /* Base VIPER */ = {
			isa = PBXGroup;
			children = (
				A8D50F97256593FC009B2E50 /* BaseWireframe.swift */,
				A8D50F98256593FC009B2E50 /* InteractorInterface.swift */,
				A8D50F9A256593FC009B2E50 /* PresenterInterface.swift */,
				A8D50F96256593FC009B2E50 /* UIStoryboardExtension.swift */,
				A8D50F9B256593FC009B2E50 /* ViewInterface.swift */,
			);
			path = "Base VIPER";
			sourceTree = "<group>";
		};
		A8D50FB225659476009B2E50 /* Home */ = {
			isa = PBXGroup;
			children = (
				A8D50FB325659484009B2E50 /* Home.storyboard */,
				A8D50FB425659484009B2E50 /* HomeInterfaces.swift */,
				A8D50FB525659484009B2E50 /* HomePresenter.swift */,
				A8D50FB625659484009B2E50 /* HomeViewController.swift */,
				A8D50FB725659484009B2E50 /* HomeInteractor.swift */,
				A8D50FB825659484009B2E50 /* HomeWireframe.swift */,
			);
			path = Home;
			sourceTree = "<group>";
		};
		A8D50FC225668E70009B2E50 /* Modules */ = {
			isa = PBXGroup;
			children = (
				A8D50FC425668EE9009B2E50 /* Languages */,
				A8D50FB225659476009B2E50 /* Home */,
			);
			path = Modules;
			sourceTree = "<group>";
		};
		A8D50FC425668EE9009B2E50 /* Languages */ = {
			isa = PBXGroup;
			children = (
				A8D50FC525668F01009B2E50 /* Languages.storyboard */,
				A8D50FC625668F01009B2E50 /* LanguagesInterfaces.swift */,
				A8D50FC725668F01009B2E50 /* LanguagesPresenter.swift */,
				A8D50FC825668F01009B2E50 /* LanguagesViewController.swift */,
				A8D50FC925668F01009B2E50 /* LanguagesInteractor.swift */,
				A8D50FCA25668F01009B2E50 /* LanguagesWireframe.swift */,
			);
			path = Languages;
			sourceTree = "<group>";
		};
		A8FF0A41256D70E4006AFBB1 /* Resources */ = {
			isa = PBXGroup;
			children = (
			);
			name = Resources;
			path = Util;
			sourceTree = "<group>";
		};
/* End PBXGroup section */

/* Begin PBXNativeTarget section */
		A8D50F7625659272009B2E50 /* SentimentClassifier */ = {
			isa = PBXNativeTarget;
			buildConfigurationList = A8D50F8B25659275009B2E50 /* Build configuration list for PBXNativeTarget "SentimentClassifier" */;
			buildPhases = (
				607574F84F6EFB86B6C79BB6 /* [CP] Check Pods Manifest.lock */,
				A8D50F7325659272009B2E50 /* Sources */,
				A8D50F7425659272009B2E50 /* Frameworks */,
				A8D50F7525659272009B2E50 /* Resources */,
				CB6DC606C48383BD064545B2 /* [CP] Embed Pods Frameworks */,
			);
			buildRules = (
			);
			dependencies = (
			);
			name = SentimentClassifier;
			productName = nlp;
			productReference = A8D50F7725659272009B2E50 /* SentimentClassifier.app */;
			productType = "com.apple.product-type.application";
		};
/* End PBXNativeTarget section */

/* Begin PBXProject section */
		A8D50F6F25659272009B2E50 /* Project object */ = {
			isa = PBXProject;
			attributes = {
				LastSwiftUpdateCheck = 1220;
				LastUpgradeCheck = 1220;
				TargetAttributes = {
					A8D50F7625659272009B2E50 = {
						CreatedOnToolsVersion = 12.2;
					};
				};
			};
			buildConfigurationList = A8D50F7225659272009B2E50 /* Build configuration list for PBXProject "SentimentClassifier" */;
			compatibilityVersion = "Xcode 9.3";
			developmentRegion = en;
			hasScannedForEncodings = 0;
			knownRegions = (
				en,
				Base,
			);
			mainGroup = A8D50F6E25659272009B2E50;
			productRefGroup = A8D50F7825659272009B2E50 /* Products */;
			projectDirPath = "";
			projectRoot = "";
			targets = (
				A8D50F7625659272009B2E50 /* SentimentClassifier */,
			);
		};
/* End PBXProject section */

/* Begin PBXResourcesBuildPhase section */
		A8D50F7525659272009B2E50 /* Resources */ = {
			isa = PBXResourcesBuildPhase;
			buildActionMask = 2147483647;
			files = (
				A8D50F8725659275009B2E50 /* LaunchScreen.storyboard in Resources */,
				A8D50F8425659275009B2E50 /* Assets.xcassets in Resources */,
				A8D50FCB25668F01009B2E50 /* Languages.storyboard in Resources */,
				A8D50FB925659484009B2E50 /* Home.storyboard in Resources */,
			);
			runOnlyForDeploymentPostprocessing = 0;
		};
/* End PBXResourcesBuildPhase section */

/* Begin PBXShellScriptBuildPhase section */
		607574F84F6EFB86B6C79BB6 /* [CP] Check Pods Manifest.lock */ = {
			isa = PBXShellScriptBuildPhase;
			buildActionMask = 2147483647;
			files = (
			);
			inputFileListPaths = (
			);
			inputPaths = (
				"${PODS_PODFILE_DIR_PATH}/Podfile.lock",
				"${PODS_ROOT}/Manifest.lock",
			);
			name = "[CP] Check Pods Manifest.lock";
			outputFileListPaths = (
			);
			outputPaths = (
				"$(DERIVED_FILE_DIR)/Pods-nlp-checkManifestLockResult.txt",
			);
			runOnlyForDeploymentPostprocessing = 0;
			shellPath = /bin/sh;
			shellScript = "diff \"${PODS_PODFILE_DIR_PATH}/Podfile.lock\" \"${PODS_ROOT}/Manifest.lock\" > /dev/null\nif [ $? != 0 ] ; then\n    # print error to STDERR\n    echo \"error: The sandbox is not in sync with the Podfile.lock. Run 'pod install' or update your CocoaPods installation.\" >&2\n    exit 1\nfi\n# This output is used by Xcode 'outputs' to avoid re-running this script phase.\necho \"SUCCESS\" > \"${SCRIPT_OUTPUT_FILE_0}\"\n";
			showEnvVarsInLog = 0;
		};
		CB6DC606C48383BD064545B2 /* [CP] Embed Pods Frameworks */ = {
			isa = PBXShellScriptBuildPhase;
			buildActionMask = 2147483647;
			files = (
			);
			inputFileListPaths = (
				"${PODS_ROOT}/Target Support Files/Pods-nlp/Pods-nlp-frameworks-${CONFIGURATION}-input-files.xcfilelist",
			);
			name = "[CP] Embed Pods Frameworks";
			outputFileListPaths = (
				"${PODS_ROOT}/Target Support Files/Pods-nlp/Pods-nlp-frameworks-${CONFIGURATION}-output-files.xcfilelist",
			);
			runOnlyForDeploymentPostprocessing = 0;
			shellPath = /bin/sh;
			shellScript = "\"${PODS_ROOT}/Target Support Files/Pods-nlp/Pods-nlp-frameworks.sh\"\n";
			showEnvVarsInLog = 0;
		};
/* End PBXShellScriptBuildPhase section */

/* Begin PBXSourcesBuildPhase section */
		A8D50F7325659272009B2E50 /* Sources */ = {
			isa = PBXSourcesBuildPhase;
			buildActionMask = 2147483647;
			files = (
				A8D50FCD25668F01009B2E50 /* LanguagesPresenter.swift in Sources */,
				A8D50F9E256593FC009B2E50 /* InteractorInterface.swift in Sources */,
				A8C1DC16256694BA0052438B /* UIImageExtensions.swift in Sources */,
				A8D50F9D256593FC009B2E50 /* BaseWireframe.swift in Sources */,
				A8D50FBD25659484009B2E50 /* HomeInteractor.swift in Sources */,
				A8C1DC1A2566B95C0052438B /* UIStoryboardExtensions.swift in Sources */,
				A8D50FBE25659484009B2E50 /* HomeWireframe.swift in Sources */,
				A8D50FBB25659484009B2E50 /* HomePresenter.swift in Sources */,
				A81FB3F72566BDAA00919B9E /* NLPViewController.swift in Sources */,
				A8D50FCF25668F01009B2E50 /* LanguagesInteractor.swift in Sources */,
				A8D50F7B25659272009B2E50 /* AppDelegate.swift in Sources */,
				A8D50FA1256593FC009B2E50 /* ViewInterface.swift in Sources */,
				A8D50FD025668F01009B2E50 /* LanguagesWireframe.swift in Sources */,
				A8D50FCE25668F01009B2E50 /* LanguagesViewController.swift in Sources */,
				A8D50FA0256593FC009B2E50 /* PresenterInterface.swift in Sources */,
				A8D50FBC25659484009B2E50 /* HomeViewController.swift in Sources */,
				A8D50FBA25659484009B2E50 /* HomeInterfaces.swift in Sources */,
				A8D50F9C256593FC009B2E50 /* UIStoryboardExtension.swift in Sources */,
				A8D50FCC25668F01009B2E50 /* LanguagesInterfaces.swift in Sources */,
				A8D50F7D25659272009B2E50 /* SceneDelegate.swift in Sources */,
			);
			runOnlyForDeploymentPostprocessing = 0;
		};
/* End PBXSourcesBuildPhase section */

/* Begin PBXVariantGroup section */
		A8D50F8525659275009B2E50 /* LaunchScreen.storyboard */ = {
			isa = PBXVariantGroup;
			children = (
				A8D50F8625659275009B2E50 /* Base */,
			);
			name = LaunchScreen.storyboard;
			sourceTree = "<group>";
		};
/* End PBXVariantGroup section */

/* Begin XCBuildConfiguration section */
		A8D50F8925659275009B2E50 /* Debug */ = {
			isa = XCBuildConfiguration;
			buildSettings = {
				ALWAYS_SEARCH_USER_PATHS = NO;
				CLANG_ANALYZER_NONNULL = YES;
				CLANG_ANALYZER_NUMBER_OBJECT_CONVERSION = YES_AGGRESSIVE;
				CLANG_CXX_LANGUAGE_STANDARD = "gnu++14";
				CLANG_CXX_LIBRARY = "libc++";
				CLANG_ENABLE_MODULES = YES;
				CLANG_ENABLE_OBJC_ARC = YES;
				CLANG_ENABLE_OBJC_WEAK = YES;
				CLANG_WARN_BLOCK_CAPTURE_AUTORELEASING = YES;
				CLANG_WARN_BOOL_CONVERSION = YES;
				CLANG_WARN_COMMA = YES;
				CLANG_WARN_CONSTANT_CONVERSION = YES;
				CLANG_WARN_DEPRECATED_OBJC_IMPLEMENTATIONS = YES;
				CLANG_WARN_DIRECT_OBJC_ISA_USAGE = YES_ERROR;
				CLANG_WARN_DOCUMENTATION_COMMENTS = YES;
				CLANG_WARN_EMPTY_BODY = YES;
				CLANG_WARN_ENUM_CONVERSION = YES;
				CLANG_WARN_INFINITE_RECURSION = YES;
				CLANG_WARN_INT_CONVERSION = YES;
				CLANG_WARN_NON_LITERAL_NULL_CONVERSION = YES;
				CLANG_WARN_OBJC_IMPLICIT_RETAIN_SELF = YES;
				CLANG_WARN_OBJC_LITERAL_CONVERSION = YES;
				CLANG_WARN_OBJC_ROOT_CLASS = YES_ERROR;
				CLANG_WARN_QUOTED_INCLUDE_IN_FRAMEWORK_HEADER = YES;
				CLANG_WARN_RANGE_LOOP_ANALYSIS = YES;
				CLANG_WARN_STRICT_PROTOTYPES = YES;
				CLANG_WARN_SUSPICIOUS_MOVE = YES;
				CLANG_WARN_UNGUARDED_AVAILABILITY = YES_AGGRESSIVE;
				CLANG_WARN_UNREACHABLE_CODE = YES;
				CLANG_WARN__DUPLICATE_METHOD_MATCH = YES;
				COPY_PHASE_STRIP = NO;
				DEBUG_INFORMATION_FORMAT = dwarf;
				ENABLE_STRICT_OBJC_MSGSEND = YES;
				ENABLE_TESTABILITY = YES;
				GCC_C_LANGUAGE_STANDARD = gnu11;
				GCC_DYNAMIC_NO_PIC = NO;
				GCC_NO_COMMON_BLOCKS = YES;
				GCC_OPTIMIZATION_LEVEL = 0;
				GCC_PREPROCESSOR_DEFINITIONS = (
					"DEBUG=1",
					"$(inherited)",
				);
				GCC_WARN_64_TO_32_BIT_CONVERSION = YES;
				GCC_WARN_ABOUT_RETURN_TYPE = YES_ERROR;
				GCC_WARN_UNDECLARED_SELECTOR = YES;
				GCC_WARN_UNINITIALIZED_AUTOS = YES_AGGRESSIVE;
				GCC_WARN_UNUSED_FUNCTION = YES;
				GCC_WARN_UNUSED_VARIABLE = YES;
				IPHONEOS_DEPLOYMENT_TARGET = 14.2;
				MTL_ENABLE_DEBUG_INFO = INCLUDE_SOURCE;
				MTL_FAST_MATH = YES;
				ONLY_ACTIVE_ARCH = YES;
				SDKROOT = iphoneos;
				SWIFT_ACTIVE_COMPILATION_CONDITIONS = DEBUG;
				SWIFT_OPTIMIZATION_LEVEL = "-Onone";
			};
			name = Debug;
		};
		A8D50F8A25659275009B2E50 /* Release */ = {
			isa = XCBuildConfiguration;
			buildSettings = {
				ALWAYS_SEARCH_USER_PATHS = NO;
				CLANG_ANALYZER_NONNULL = YES;
				CLANG_ANALYZER_NUMBER_OBJECT_CONVERSION = YES_AGGRESSIVE;
				CLANG_CXX_LANGUAGE_STANDARD = "gnu++14";
				CLANG_CXX_LIBRARY = "libc++";
				CLANG_ENABLE_MODULES = YES;
				CLANG_ENABLE_OBJC_ARC = YES;
				CLANG_ENABLE_OBJC_WEAK = YES;
				CLANG_WARN_BLOCK_CAPTURE_AUTORELEASING = YES;
				CLANG_WARN_BOOL_CONVERSION = YES;
				CLANG_WARN_COMMA = YES;
				CLANG_WARN_CONSTANT_CONVERSION = YES;
				CLANG_WARN_DEPRECATED_OBJC_IMPLEMENTATIONS = YES;
				CLANG_WARN_DIRECT_OBJC_ISA_USAGE = YES_ERROR;
				CLANG_WARN_DOCUMENTATION_COMMENTS = YES;
				CLANG_WARN_EMPTY_BODY = YES;
				CLANG_WARN_ENUM_CONVERSION = YES;
				CLANG_WARN_INFINITE_RECURSION = YES;
				CLANG_WARN_INT_CONVERSION = YES;
				CLANG_WARN_NON_LITERAL_NULL_CONVERSION = YES;
				CLANG_WARN_OBJC_IMPLICIT_RETAIN_SELF = YES;
				CLANG_WARN_OBJC_LITERAL_CONVERSION = YES;
				CLANG_WARN_OBJC_ROOT_CLASS = YES_ERROR;
				CLANG_WARN_QUOTED_INCLUDE_IN_FRAMEWORK_HEADER = YES;
				CLANG_WARN_RANGE_LOOP_ANALYSIS = YES;
				CLANG_WARN_STRICT_PROTOTYPES = YES;
				CLANG_WARN_SUSPICIOUS_MOVE = YES;
				CLANG_WARN_UNGUARDED_AVAILABILITY = YES_AGGRESSIVE;
				CLANG_WARN_UNREACHABLE_CODE = YES;
				CLANG_WARN__DUPLICATE_METHOD_MATCH = YES;
				COPY_PHASE_STRIP = NO;
				DEBUG_INFORMATION_FORMAT = "dwarf-with-dsym";
				ENABLE_NS_ASSERTIONS = NO;
				ENABLE_STRICT_OBJC_MSGSEND = YES;
				GCC_C_LANGUAGE_STANDARD = gnu11;
				GCC_NO_COMMON_BLOCKS = YES;
				GCC_WARN_64_TO_32_BIT_CONVERSION = YES;
				GCC_WARN_ABOUT_RETURN_TYPE = YES_ERROR;
				GCC_WARN_UNDECLARED_SELECTOR = YES;
				GCC_WARN_UNINITIALIZED_AUTOS = YES_AGGRESSIVE;
				GCC_WARN_UNUSED_FUNCTION = YES;
				GCC_WARN_UNUSED_VARIABLE = YES;
				IPHONEOS_DEPLOYMENT_TARGET = 14.2;
				MTL_ENABLE_DEBUG_INFO = NO;
				MTL_FAST_MATH = YES;
				SDKROOT = iphoneos;
				SWIFT_COMPILATION_MODE = wholemodule;
				SWIFT_OPTIMIZATION_LEVEL = "-O";
				VALIDATE_PRODUCT = YES;
			};
			name = Release;
		};
		A8D50F8C25659275009B2E50 /* Debug */ = {
			isa = XCBuildConfiguration;
			baseConfigurationReference = A7D4C26C7E1B7C1AB43B8CA6 /* Pods-nlp.debug.xcconfig */;
			buildSettings = {
				ASSETCATALOG_COMPILER_APPICON_NAME = AppIcon;
				ASSETCATALOG_COMPILER_GLOBAL_ACCENT_COLOR_NAME = AccentColor;
				CODE_SIGN_STYLE = Automatic;
				DEVELOPMENT_TEAM = 86UEKV73HK;
				INFOPLIST_FILE = SentimentClassifier/Info.plist;
				LD_RUNPATH_SEARCH_PATHS = (
					"$(inherited)",
					"@executable_path/Frameworks",
				);
				PRODUCT_BUNDLE_IDENTIFIER = fer.imrsic.diplomski.projekt.nlp;
				PRODUCT_NAME = "$(TARGET_NAME)";
				SWIFT_VERSION = 5.0;
				TARGETED_DEVICE_FAMILY = "1,2";
			};
			name = Debug;
		};
		A8D50F8D25659275009B2E50 /* Release */ = {
			isa = XCBuildConfiguration;
			baseConfigurationReference = 6FB5546806FF6709B60E97BB /* Pods-nlp.release.xcconfig */;
			buildSettings = {
				ASSETCATALOG_COMPILER_APPICON_NAME = AppIcon;
				ASSETCATALOG_COMPILER_GLOBAL_ACCENT_COLOR_NAME = AccentColor;
				CODE_SIGN_STYLE = Automatic;
				DEVELOPMENT_TEAM = 86UEKV73HK;
				INFOPLIST_FILE = SentimentClassifier/Info.plist;
				LD_RUNPATH_SEARCH_PATHS = (
					"$(inherited)",
					"@executable_path/Frameworks",
				);
				PRODUCT_BUNDLE_IDENTIFIER = fer.imrsic.diplomski.projekt.nlp;
				PRODUCT_NAME = "$(TARGET_NAME)";
				SWIFT_VERSION = 5.0;
				TARGETED_DEVICE_FAMILY = "1,2";
			};
			name = Release;
		};
/* End XCBuildConfiguration section */

/* Begin XCConfigurationList section */
		A8D50F7225659272009B2E50 /* Build configuration list for PBXProject "SentimentClassifier" */ = {
			isa = XCConfigurationList;
			buildConfigurations = (
				A8D50F8925659275009B2E50 /* Debug */,
				A8D50F8A25659275009B2E50 /* Release */,
			);
			defaultConfigurationIsVisible = 0;
			defaultConfigurationName = Release;
		};
		A8D50F8B25659275009B2E50 /* Build configuration list for PBXNativeTarget "SentimentClassifier" */ = {
			isa = XCConfigurationList;
			buildConfigurations = (
				A8D50F8C25659275009B2E50 /* Debug */,
				A8D50F8D25659275009B2E50 /* Release */,
			);
			defaultConfigurationIsVisible = 0;
			defaultConfigurationName = Release;
		};
/* End XCConfigurationList section */
	};
	rootObject = A8D50F6F25659272009B2E50 /* Project object */;
}
